Microsoft Visual Studio Solution File, Format Version 11.00
# Visual C++ Express 2010
Project("{8BC9CEB8-8B4A-11D0-8D11-00A0C91BC942}") = "ALL_BUILD", "ALL_BUILD.vcxproj", "{0384EC5F-FFD0-4547-9D5E-B549E124FF04}"
	ProjectSection(ProjectDependencies) = postProject
		{D352DA0A-0D71-491D-9363-3276B443B168} = {D352DA0A-0D71-491D-9363-3276B443B168}
		{E36F8B21-73DF-4CE8-B8B3-2557C18F9EDE} = {E36F8B21-73DF-4CE8-B8B3-2557C18F9EDE}
		{86571892-0D7A-4178-896B-2A84AB61FEEF} = {86571892-0D7A-4178-896B-2A84AB61FEEF}
		{2DDD40CC-6CE9-483A-9B9C-73AAD0DC8205} = {2DDD40CC-6CE9-483A-9B9C-73AAD0DC8205}
	EndProjectSection
EndProject
Project("{8BC9CEB8-8B4A-11D0-8D11-00A0C91BC942}") = "DOXYGEN", "doxygen\DOXYGEN.vcxproj", "{2F416C9D-1D1F-4FFD-A989-F16714A78B6E}"
EndProject
Project("{8BC9CEB8-8B4A-11D0-8D11-00A0C91BC942}") = "INSTALL", "INSTALL.vcxproj", "{B99C76C7-B89D-43F8-81DD-3B24BBA91857}"
EndProject
Project("{8BC9CEB8-8B4A-11D0-8D11-00A0C91BC942}") = "dcm2pnm", "dcmimage\apps\dcm2pnm.vcxproj", "{68BACB34-4A3E-4000-9245-EF686CBBD170}"
EndProject
Project("{8BC9CEB8-8B4A-11D0-8D11-00A0C91BC942}") = "dcm2xml", "dcmdata\apps\dcm2xml.vcxproj", "{1D1789FB-5900-4EF6-B735-A0149E0F76F0}"
EndProject
Project("{8BC9CEB8-8B4A-11D0-8D11-00A0C91BC942}") = "dcmcjpeg", "dcmjpeg\apps\dcmcjpeg.vcxproj", "{FE0F5CDA-B1C7-448C-972C-17AEACE2015F}"
EndProject
Project("{8BC9CEB8-8B4A-11D0-8D11-00A0C91BC942}") = "dcmconv", "dcmdata\apps\dcmconv.vcxproj", "{3402422A-62B1-4ED3-9AA8-507CEA1ED42B}"
EndProject
Project("{8BC9CEB8-8B4A-11D0-8D11-00A0C91BC942}") = "dcmcrle", "dcmdata\apps\dcmcrle.vcxproj", "{70183F6D-4BC2-412D-A3F0-8F1083501730}"
EndProject
Project("{8BC9CEB8-8B4A-11D0-8D11-00A0C91BC942}") = "dcmdata", "dcmdata\libsrc\dcmdata.vcxproj", "{CF43B823-39A1-4E0E-B6BB-0D267F5A3FB1}"
EndProject
Project("{8BC9CEB8-8B4A-11D0-8D11-00A0C91BC942}") = "dcmdjpeg", "dcmjpeg\apps\dcmdjpeg.vcxproj", "{9AE2C988-E6C9-40C1-9F48-35D3A0A2708E}"
EndProject
Project("{8BC9CEB8-8B4A-11D0-8D11-00A0C91BC942}") = "dcmdrle", "dcmdata\apps\dcmdrle.vcxproj", "{C66B824A-B5C7-4236-B847-333C6D23FDAF}"
EndProject
Project("{8BC9CEB8-8B4A-11D0-8D11-00A0C91BC942}") = "dcmdsig", "dcmsign\libsrc\dcmdsig.vcxproj", "{D45A1656-C9D6-4539-A4E0-DCA479B96B06}"
EndProject
Project("{8BC9CEB8-8B4A-11D0-8D11-00A0C91BC942}") = "dcmdspfn", "dcmimgle\apps\dcmdspfn.vcxproj", "{25E59D2B-91B3-4FF0-AFD1-3A9F99C1485A}"
EndProject
Project("{8BC9CEB8-8B4A-11D0-8D11-00A0C91BC942}") = "dcmdump", "dcmdata\apps\dcmdump.vcxproj", "{AD42B87A-5312-40FC-B8D4-74A3B1036756}"
EndProject
Project("{8BC9CEB8-8B4A-11D0-8D11-00A0C91BC942}") = "dcmftest", "dcmdata\apps\dcmftest.vcxproj", "{11B6F89F-E251-45E0-BE0A-0D8467AAC1F0}"
EndProject
Project("{8BC9CEB8-8B4A-11D0-8D11-00A0C91BC942}") = "dcmgpdir", "dcmdata\apps\dcmgpdir.vcxproj", "{F73EA149-3D69-4395-B466-349173F7316A}"
EndProject
Project("{8BC9CEB8-8B4A-11D0-8D11-00A0C91BC942}") = "dcmimage", "dcmimage\libsrc\dcmimage.vcxproj", "{1506887F-55C2-4159-8A98-31C3543854BE}"
EndProject
Project("{8BC9CEB8-8B4A-11D0-8D11-00A0C91BC942}") = "dcmimgle", "dcmimgle\libsrc\dcmimgle.vcxproj", "{5B7AB301-0AE2-4A5C-8DC0-95D3FC403D9F}"
EndProject
Project("{8BC9CEB8-8B4A-11D0-8D11-00A0C91BC942}") = "dcmj2pnm", "dcmjpeg\apps\dcmj2pnm.vcxproj", "{B50741DE-7F47-4A0B-A5C3-D059ED2B9F2C}"
EndProject
Project("{8BC9CEB8-8B4A-11D0-8D11-00A0C91BC942}") = "dcmjpeg", "dcmjpeg\libsrc\dcmjpeg.vcxproj", "{9D800639-F50B-4832-A06C-4055784B1A4D}"
EndProject
Project("{8BC9CEB8-8B4A-11D0-8D11-00A0C91BC942}") = "dcmmkcrv", "dcmpstat\apps\dcmmkcrv.vcxproj", "{AAA0D534-5FA4-4621-AD32-8A9C5F754646}"
EndProject
Project("{8BC9CEB8-8B4A-11D0-8D11-00A0C91BC942}") = "dcmmkdir", "dcmjpeg\apps\dcmmkdir.vcxproj", "{9675D0D8-C215-4D8D-BCCF-49CCB8AE8016}"
EndProject
Project("{8BC9CEB8-8B4A-11D0-8D11-00A0C91BC942}") = "dcmmklut", "dcmpstat\apps\dcmmklut.vcxproj", "{C98348D1-B39D-4D19-87D2-128C3A0A275A}"
EndProject
Project("{8BC9CEB8-8B4A-11D0-8D11-00A0C91BC942}") = "dcmnet", "dcmnet\libsrc\dcmnet.vcxproj", "{F85CAAFB-1A5D-4BA1-85A8-352568A66CB7}"
EndProject
Project("{8BC9CEB8-8B4A-11D0-8D11-00A0C91BC942}") = "dcmodify", "dcmdata\apps\dcmodify.vcxproj", "{70310C3F-0A33-4692-BD2F-42AF5056A3DE}"
EndProject
Project("{8BC9CEB8-8B4A-11D0-8D11-00A0C91BC942}") = "dcmp2pgm", "dcmpstat\apps\dcmp2pgm.vcxproj", "{EAB15CA6-16C5-41B7-AB16-E7CDDDA353BF}"
EndProject
Project("{8BC9CEB8-8B4A-11D0-8D11-00A0C91BC942}") = "dcmprscp", "dcmpstat\apps\dcmprscp.vcxproj", "{9B548AE7-CE13-4EAF-803A-EBA3FF4385C4}"
EndProject
Project("{8BC9CEB8-8B4A-11D0-8D11-00A0C91BC942}") = "dcmprscu", "dcmpstat\apps\dcmprscu.vcxproj", "{4EC66F86-AB10-4338-A343-B75929E89F1D}"
EndProject
Project("{8BC9CEB8-8B4A-11D0-8D11-00A0C91BC942}") = "dcmpschk", "dcmpstat\apps\dcmpschk.vcxproj", "{72C66C64-42B4-4F1A-9163-AD8989792152}"
EndProject
Project("{8BC9CEB8-8B4A-11D0-8D11-00A0C91BC942}") = "dcmpsmk", "dcmpstat\apps\dcmpsmk.vcxproj", "{D2D6730E-BBD2-4068-9D3F-B4C6C44E29EC}"
EndProject
Project("{8BC9CEB8-8B4A-11D0-8D11-00A0C91BC942}") = "dcmpsprt", "dcmpstat\apps\dcmpsprt.vcxproj", "{4A46071E-292E-4216-B848-481B1C89ED19}"
EndProject
Project("{8BC9CEB8-8B4A-11D0-8D11-00A0C91BC942}") = "dcmpsrcv", "dcmpstat\apps\dcmpsrcv.vcxproj", "{9C1C47D9-BB61-4C83-A13B-9FC333351DA7}"
EndProject
Project("{8BC9CEB8-8B4A-11D0-8D11-00A0C91BC942}") = "dcmpssnd", "dcmpstat\apps\dcmpssnd.vcxproj", "{0DA7F55D-AED7-449B-99DF-D21A1E4E8251}"
EndProject
Project("{8BC9CEB8-8B4A-11D0-8D11-00A0C91BC942}") = "dcmpstat", "dcmpstat\libsrc\dcmpstat.vcxproj", "{5564EB39-9958-47DE-B45F-EE37C0CE7A0B}"
EndProject
Project("{8BC9CEB8-8B4A-11D0-8D11-00A0C91BC942}") = "dcmqrdb", "dcmqrdb\libsrc\dcmqrdb.vcxproj", "{BB57804A-175F-48AE-BFD2-B2CA5B012309}"
EndProject
Project("{8BC9CEB8-8B4A-11D0-8D11-00A0C91BC942}") = "dcmqridx", "dcmqrdb\apps\dcmqridx.vcxproj", "{8A34DB9E-5A71-420D-91D1-DE4FDB5DD8D1}"
EndProject
Project("{8BC9CEB8-8B4A-11D0-8D11-00A0C91BC942}") = "dcmqrscp", "dcmqrdb\apps\dcmqrscp.vcxproj", "{4EB5CA3D-49CA-4565-BFA3-22F7C28E0380}"
EndProject
Project("{8BC9CEB8-8B4A-11D0-8D11-00A0C91BC942}") = "dcmqrti", "dcmqrdb\apps\dcmqrti.vcxproj", "{908D07A8-2B48-4487-BA0C-9202832D882B}"
EndProject
Project("{8BC9CEB8-8B4A-11D0-8D11-00A0C91BC942}") = "dcmquant", "dcmimage\apps\dcmquant.vcxproj", "{5A0F5E34-22B6-40D2-888C-FF48FA78E8DF}"
EndProject
Project("{8BC9CEB8-8B4A-11D0-8D11-00A0C91BC942}") = "dcmscale", "dcmimage\apps\dcmscale.vcxproj", "{2A3F9256-2941-4DCA-ADD0-E80D3F009EF5}"
EndProject
Project("{8BC9CEB8-8B4A-11D0-8D11-00A0C91BC942}") = "dcmsign", "dcmsign\apps\dcmsign.vcxproj", "{9F1EAAC9-707E-4D3A-807A-C336429E09BC}"
EndProject
Project("{8BC9CEB8-8B4A-11D0-8D11-00A0C91BC942}") = "dcmsr", "dcmsr\libsrc\dcmsr.vcxproj", "{7476BF81-B6CD-44BC-9C03-2663D197DEFD}"
EndProject
Project("{8BC9CEB8-8B4A-11D0-8D11-00A0C91BC942}") = "dcmtls", "dcmtls\libsrc\dcmtls.vcxproj", "{20DE3D23-5A44-4038-A420-05CC34EA8772}"
EndProject
Project("{8BC9CEB8-8B4A-11D0-8D11-00A0C91BC942}") = "dcmwlm", "dcmwlm\libsrc\dcmwlm.vcxproj", "{115B839A-471F-4F57-8074-0FB26A40E0BF}"
	ProjectSection(ProjectDependencies) = postProject
		{86571892-0D7A-4178-896B-2A84AB61FEEF} = {86571892-0D7A-4178-896B-2A84AB61FEEF}
	EndProjectSection
EndProject
Project("{8BC9CEB8-8B4A-11D0-8D11-00A0C91BC942}") = "dcod2lum", "dcmimgle\apps\dcod2lum.vcxproj", "{56A67C8C-991E-4B94-8517-6630863858F9}"
EndProject
Project("{8BC9CEB8-8B4A-11D0-8D11-00A0C91BC942}") = "dconvlum", "dcmimgle\apps\dconvlum.vcxproj", "{3DFDD1E0-2D3B-4914-A66A-CF84BD5846C8}"
EndProject
Project("{8BC9CEB8-8B4A-11D0-8D11-00A0C91BC942}") = "dsr2html", "dcmsr\apps\dsr2html.vcxproj", "{5591B8A6-6BFC-4BA9-9353-237455C8B473}"
EndProject
Project("{8BC9CEB8-8B4A-11D0-8D11-00A0C91BC942}") = "dsr2xml", "dcmsr\apps\dsr2xml.vcxproj", "{6587DB43-BC4A-4F7C-97F6-99DD90D24260}"
EndProject
Project("{8BC9CEB8-8B4A-11D0-8D11-00A0C91BC942}") = "dsrdump", "dcmsr\apps\dsrdump.vcxproj", "{5836CD64-9B41-4A2D-8B20-294E1A3705CA}"
EndProject
Project("{8BC9CEB8-8B4A-11D0-8D11-00A0C91BC942}") = "dump2dcm", "dcmdata\apps\dump2dcm.vcxproj", "{A53C1893-CD6A-4178-A927-1C77FAA0F4AE}"
EndProject
Project("{8BC9CEB8-8B4A-11D0-8D11-00A0C91BC942}") = "echoscu", "dcmnet\apps\echoscu.vcxproj", "{9653655F-56B6-4915-A518-96CAF65E2E7D}"
EndProject
Project("{8BC9CEB8-8B4A-11D0-8D11-00A0C91BC942}") = "findscu", "dcmnet\apps\findscu.vcxproj", "{F1EA0A1E-3E6B-4225-A7A2-F24F68D7BE43}"
EndProject
Project("{8BC9CEB8-8B4A-11D0-8D11-00A0C91BC942}") = "ijg12", "dcmjpeg\libijg12\ijg12.vcxproj", "{286D7BFF-8F2E-4DC4-A9DB-5F4F862C22E1}"
EndProject
Project("{8BC9CEB8-8B4A-11D0-8D11-00A0C91BC942}") = "ijg16", "dcmjpeg\libijg16\ijg16.vcxproj", "{BD9786CB-157C-4AED-89A3-538260B89B58}"
EndProject
Project("{8BC9CEB8-8B4A-11D0-8D11-00A0C91BC942}") = "ijg8", "dcmjpeg\libijg8\ijg8.vcxproj", "{1DD522FA-C8D0-46FF-8D31-778666E23F23}"
EndProject
Project("{8BC9CEB8-8B4A-11D0-8D11-00A0C91BC942}") = "mkreport", "dcmsr\tests\mkreport.vcxproj", "{9AC82771-6158-4914-9E32-07FED7568D2F}"
EndProject
Project("{8BC9CEB8-8B4A-11D0-8D11-00A0C91BC942}") = "movescu", "dcmnet\apps\movescu.vcxproj", "{0962394F-BE5E-4759-BC7D-3E82995797F4}"
EndProject
Project("{8BC9CEB8-8B4A-11D0-8D11-00A0C91BC942}") = "ofstd", "ofstd\libsrc\ofstd.vcxproj", "{140C0096-4C8B-4854-A76D-DF0B659A6C52}"
EndProject
Project("{8BC9CEB8-8B4A-11D0-8D11-00A0C91BC942}") = "pdf2dcm", "dcmdata\apps\pdf2dcm.vcxproj", "{7FDF9E7C-DA0E-4D59-845C-F98D20B5A253}"
EndProject
Project("{8BC9CEB8-8B4A-11D0-8D11-00A0C91BC942}") = "storescp", "dcmnet\apps\storescp.vcxproj", "{FEFFE719-7ED2-436D-B867-16FB741EB8E2}"
EndProject
Project("{8BC9CEB8-8B4A-11D0-8D11-00A0C91BC942}") = "storescu", "dcmnet\apps\storescu.vcxproj", "{F5472CCA-CF89-4BF3-9200-4F8A4F532479}"
EndProject
Project("{8BC9CEB8-8B4A-11D0-8D11-00A0C91BC942}") = "termscu", "dcmnet\apps\termscu.vcxproj", "{91436BA4-4667-4673-9DE7-7F2D19F16FDB}"
EndProject
Project("{8BC9CEB8-8B4A-11D0-8D11-00A0C91BC942}") = "wlmscpfs", "dcmwlm\apps\wlmscpfs.vcxproj", "{3207563C-33D8-4858-B100-76FE6CD6BF61}"
	ProjectSection(ProjectDependencies) = postProject
		{86571892-0D7A-4178-896B-2A84AB61FEEF} = {86571892-0D7A-4178-896B-2A84AB61FEEF}
		{2DDD40CC-6CE9-483A-9B9C-73AAD0DC8205} = {2DDD40CC-6CE9-483A-9B9C-73AAD0DC8205}
	EndProjectSection
EndProject
Project("{8BC9CEB8-8B4A-11D0-8D11-00A0C91BC942}") = "xml2dcm", "dcmdata\apps\xml2dcm.vcxproj", "{A4FD4F4D-50A6-43CC-85F0-DF1E77ED6DDF}"
EndProject
Project("{8BC9CEB8-8B4A-11D0-8D11-00A0C91BC942}") = "xml2dsr", "dcmsr\apps\xml2dsr.vcxproj", "{8965EA0B-BFFB-4928-8475-3E8B28F5592D}"
EndProject
Project("{8BC9CEB8-8B4A-11D0-8D11-00A0C91BC942}") = "commonlib", "commonlib\commonlib.vcxproj", "{2DDD40CC-6CE9-483A-9B9C-73AAD0DC8205}"
EndProject
Project("{8BC9CEB8-8B4A-11D0-8D11-00A0C91BC942}") = "ServiceWrapper", "ServiceWrapper\ServiceWrapper.vcxproj", "{E36F8B21-73DF-4CE8-B8B3-2557C18F9EDE}"
EndProject
Project("{8BC9CEB8-8B4A-11D0-8D11-00A0C91BC942}") = "mergedir", "mergedir\mergedir.vcxproj", "{D352DA0A-0D71-491D-9363-3276B443B168}"
EndProject
Project("{8BC9CEB8-8B4A-11D0-8D11-00A0C91BC942}") = "bridge", "bridge\bridge.vcxproj", "{86571892-0D7A-4178-896B-2A84AB61FEEF}"
	ProjectSection(ProjectDependencies) = postProject
		{140C0096-4C8B-4854-A76D-DF0B659A6C52} = {140C0096-4C8B-4854-A76D-DF0B659A6C52}
	EndProjectSection
EndProject
Global
	GlobalSection(SolutionConfigurationPlatforms) = preSolution
		Debug|Win32 = Debug|Win32
		MinSizeRel|Win32 = MinSizeRel|Win32
		Release|Win32 = Release|Win32
		RelWithDebInfo|Win32 = RelWithDebInfo|Win32
	EndGlobalSection
	GlobalSection(ProjectConfigurationPlatforms) = postSolution
		{0384EC5F-FFD0-4547-9D5E-B549E124FF04}.Debug|Win32.ActiveCfg = Debug|Win32
		{0384EC5F-FFD0-4547-9D5E-B549E124FF04}.Debug|Win32.Build.0 = Debug|Win32
		{0384EC5F-FFD0-4547-9D5E-B549E124FF04}.MinSizeRel|Win32.ActiveCfg = MinSizeRel|Win32
		{0384EC5F-FFD0-4547-9D5E-B549E124FF04}.MinSizeRel|Win32.Build.0 = MinSizeRel|Win32
		{0384EC5F-FFD0-4547-9D5E-B549E124FF04}.Release|Win32.ActiveCfg = Release|Win32
		{0384EC5F-FFD0-4547-9D5E-B549E124FF04}.Release|Win32.Build.0 = Release|Win32
		{0384EC5F-FFD0-4547-9D5E-B549E124FF04}.RelWithDebInfo|Win32.ActiveCfg = RelWithDebInfo|Win32
		{0384EC5F-FFD0-4547-9D5E-B549E124FF04}.RelWithDebInfo|Win32.Build.0 = RelWithDebInfo|Win32
		{2F416C9D-1D1F-4FFD-A989-F16714A78B6E}.Debug|Win32.ActiveCfg = Debug|Win32
		{2F416C9D-1D1F-4FFD-A989-F16714A78B6E}.MinSizeRel|Win32.ActiveCfg = MinSizeRel|Win32
		{2F416C9D-1D1F-4FFD-A989-F16714A78B6E}.Release|Win32.ActiveCfg = Release|Win32
		{2F416C9D-1D1F-4FFD-A989-F16714A78B6E}.RelWithDebInfo|Win32.ActiveCfg = RelWithDebInfo|Win32
		{B99C76C7-B89D-43F8-81DD-3B24BBA91857}.Debug|Win32.ActiveCfg = Debug|Win32
		{B99C76C7-B89D-43F8-81DD-3B24BBA91857}.MinSizeRel|Win32.ActiveCfg = MinSizeRel|Win32
		{B99C76C7-B89D-43F8-81DD-3B24BBA91857}.Release|Win32.ActiveCfg = Release|Win32
		{B99C76C7-B89D-43F8-81DD-3B24BBA91857}.RelWithDebInfo|Win32.ActiveCfg = RelWithDebInfo|Win32
		{68BACB34-4A3E-4000-9245-EF686CBBD170}.Debug|Win32.ActiveCfg = Debug|Win32
		{68BACB34-4A3E-4000-9245-EF686CBBD170}.Debug|Win32.Build.0 = Debug|Win32
		{68BACB34-4A3E-4000-9245-EF686CBBD170}.MinSizeRel|Win32.ActiveCfg = MinSizeRel|Win32
		{68BACB34-4A3E-4000-9245-EF686CBBD170}.MinSizeRel|Win32.Build.0 = MinSizeRel|Win32
		{68BACB34-4A3E-4000-9245-EF686CBBD170}.Release|Win32.ActiveCfg = Release|Win32
		{68BACB34-4A3E-4000-9245-EF686CBBD170}.Release|Win32.Build.0 = Release|Win32
		{68BACB34-4A3E-4000-9245-EF686CBBD170}.RelWithDebInfo|Win32.ActiveCfg = RelWithDebInfo|Win32
		{68BACB34-4A3E-4000-9245-EF686CBBD170}.RelWithDebInfo|Win32.Build.0 = RelWithDebInfo|Win32
		{1D1789FB-5900-4EF6-B735-A0149E0F76F0}.Debug|Win32.ActiveCfg = Debug|Win32
		{1D1789FB-5900-4EF6-B735-A0149E0F76F0}.Debug|Win32.Build.0 = Debug|Win32
		{1D1789FB-5900-4EF6-B735-A0149E0F76F0}.MinSizeRel|Win32.ActiveCfg = MinSizeRel|Win32
		{1D1789FB-5900-4EF6-B735-A0149E0F76F0}.MinSizeRel|Win32.Build.0 = MinSizeRel|Win32
		{1D1789FB-5900-4EF6-B735-A0149E0F76F0}.Release|Win32.ActiveCfg = Release|Win32
		{1D1789FB-5900-4EF6-B735-A0149E0F76F0}.Release|Win32.Build.0 = Release|Win32
		{1D1789FB-5900-4EF6-B735-A0149E0F76F0}.RelWithDebInfo|Win32.ActiveCfg = RelWithDebInfo|Win32
		{1D1789FB-5900-4EF6-B735-A0149E0F76F0}.RelWithDebInfo|Win32.Build.0 = RelWithDebInfo|Win32
		{FE0F5CDA-B1C7-448C-972C-17AEACE2015F}.Debug|Win32.ActiveCfg = Debug|Win32
		{FE0F5CDA-B1C7-448C-972C-17AEACE2015F}.Debug|Win32.Build.0 = Debug|Win32
		{FE0F5CDA-B1C7-448C-972C-17AEACE2015F}.MinSizeRel|Win32.ActiveCfg = MinSizeRel|Win32
		{FE0F5CDA-B1C7-448C-972C-17AEACE2015F}.MinSizeRel|Win32.Build.0 = MinSizeRel|Win32
		{FE0F5CDA-B1C7-448C-972C-17AEACE2015F}.Release|Win32.ActiveCfg = Release|Win32
		{FE0F5CDA-B1C7-448C-972C-17AEACE2015F}.Release|Win32.Build.0 = Release|Win32
		{FE0F5CDA-B1C7-448C-972C-17AEACE2015F}.RelWithDebInfo|Win32.ActiveCfg = RelWithDebInfo|Win32
		{FE0F5CDA-B1C7-448C-972C-17AEACE2015F}.RelWithDebInfo|Win32.Build.0 = RelWithDebInfo|Win32
		{3402422A-62B1-4ED3-9AA8-507CEA1ED42B}.Debug|Win32.ActiveCfg = Debug|Win32
		{3402422A-62B1-4ED3-9AA8-507CEA1ED42B}.Debug|Win32.Build.0 = Debug|Win32
		{3402422A-62B1-4ED3-9AA8-507CEA1ED42B}.MinSizeRel|Win32.ActiveCfg = MinSizeRel|Win32
		{3402422A-62B1-4ED3-9AA8-507CEA1ED42B}.MinSizeRel|Win32.Build.0 = MinSizeRel|Win32
		{3402422A-62B1-4ED3-9AA8-507CEA1ED42B}.Release|Win32.ActiveCfg = Release|Win32
		{3402422A-62B1-4ED3-9AA8-507CEA1ED42B}.Release|Win32.Build.0 = Release|Win32
		{3402422A-62B1-4ED3-9AA8-507CEA1ED42B}.RelWithDebInfo|Win32.ActiveCfg = RelWithDebInfo|Win32
		{3402422A-62B1-4ED3-9AA8-507CEA1ED42B}.RelWithDebInfo|Win32.Build.0 = RelWithDebInfo|Win32
		{70183F6D-4BC2-412D-A3F0-8F1083501730}.Debug|Win32.ActiveCfg = Debug|Win32
		{70183F6D-4BC2-412D-A3F0-8F1083501730}.Debug|Win32.Build.0 = Debug|Win32
		{70183F6D-4BC2-412D-A3F0-8F1083501730}.MinSizeRel|Win32.ActiveCfg = MinSizeRel|Win32
		{70183F6D-4BC2-412D-A3F0-8F1083501730}.MinSizeRel|Win32.Build.0 = MinSizeRel|Win32
		{70183F6D-4BC2-412D-A3F0-8F1083501730}.Release|Win32.ActiveCfg = Release|Win32
		{70183F6D-4BC2-412D-A3F0-8F1083501730}.Release|Win32.Build.0 = Release|Win32
		{70183F6D-4BC2-412D-A3F0-8F1083501730}.RelWithDebInfo|Win32.ActiveCfg = RelWithDebInfo|Win32
		{70183F6D-4BC2-412D-A3F0-8F1083501730}.RelWithDebInfo|Win32.Build.0 = RelWithDebInfo|Win32
		{CF43B823-39A1-4E0E-B6BB-0D267F5A3FB1}.Debug|Win32.ActiveCfg = Debug|Win32
		{CF43B823-39A1-4E0E-B6BB-0D267F5A3FB1}.Debug|Win32.Build.0 = Debug|Win32
		{CF43B823-39A1-4E0E-B6BB-0D267F5A3FB1}.MinSizeRel|Win32.ActiveCfg = MinSizeRel|Win32
		{CF43B823-39A1-4E0E-B6BB-0D267F5A3FB1}.MinSizeRel|Win32.Build.0 = MinSizeRel|Win32
		{CF43B823-39A1-4E0E-B6BB-0D267F5A3FB1}.Release|Win32.ActiveCfg = Release|Win32
		{CF43B823-39A1-4E0E-B6BB-0D267F5A3FB1}.Release|Win32.Build.0 = Release|Win32
		{CF43B823-39A1-4E0E-B6BB-0D267F5A3FB1}.RelWithDebInfo|Win32.ActiveCfg = RelWithDebInfo|Win32
		{CF43B823-39A1-4E0E-B6BB-0D267F5A3FB1}.RelWithDebInfo|Win32.Build.0 = RelWithDebInfo|Win32
		{9AE2C988-E6C9-40C1-9F48-35D3A0A2708E}.Debug|Win32.ActiveCfg = Debug|Win32
		{9AE2C988-E6C9-40C1-9F48-35D3A0A2708E}.Debug|Win32.Build.0 = Debug|Win32
		{9AE2C988-E6C9-40C1-9F48-35D3A0A2708E}.MinSizeRel|Win32.ActiveCfg = MinSizeRel|Win32
		{9AE2C988-E6C9-40C1-9F48-35D3A0A2708E}.MinSizeRel|Win32.Build.0 = MinSizeRel|Win32
		{9AE2C988-E6C9-40C1-9F48-35D3A0A2708E}.Release|Win32.ActiveCfg = Release|Win32
		{9AE2C988-E6C9-40C1-9F48-35D3A0A2708E}.Release|Win32.Build.0 = Release|Win32
		{9AE2C988-E6C9-40C1-9F48-35D3A0A2708E}.RelWithDebInfo|Win32.ActiveCfg = RelWithDebInfo|Win32
		{9AE2C988-E6C9-40C1-9F48-35D3A0A2708E}.RelWithDebInfo|Win32.Build.0 = RelWithDebInfo|Win32
		{C66B824A-B5C7-4236-B847-333C6D23FDAF}.Debug|Win32.ActiveCfg = Debug|Win32
		{C66B824A-B5C7-4236-B847-333C6D23FDAF}.Debug|Win32.Build.0 = Debug|Win32
		{C66B824A-B5C7-4236-B847-333C6D23FDAF}.MinSizeRel|Win32.ActiveCfg = MinSizeRel|Win32
		{C66B824A-B5C7-4236-B847-333C6D23FDAF}.MinSizeRel|Win32.Build.0 = MinSizeRel|Win32
		{C66B824A-B5C7-4236-B847-333C6D23FDAF}.Release|Win32.ActiveCfg = Release|Win32
		{C66B824A-B5C7-4236-B847-333C6D23FDAF}.Release|Win32.Build.0 = Release|Win32
		{C66B824A-B5C7-4236-B847-333C6D23FDAF}.RelWithDebInfo|Win32.ActiveCfg = RelWithDebInfo|Win32
		{C66B824A-B5C7-4236-B847-333C6D23FDAF}.RelWithDebInfo|Win32.Build.0 = RelWithDebInfo|Win32
		{D45A1656-C9D6-4539-A4E0-DCA479B96B06}.Debug|Win32.ActiveCfg = Debug|Win32
		{D45A1656-C9D6-4539-A4E0-DCA479B96B06}.Debug|Win32.Build.0 = Debug|Win32
		{D45A1656-C9D6-4539-A4E0-DCA479B96B06}.MinSizeRel|Win32.ActiveCfg = MinSizeRel|Win32
		{D45A1656-C9D6-4539-A4E0-DCA479B96B06}.MinSizeRel|Win32.Build.0 = MinSizeRel|Win32
		{D45A1656-C9D6-4539-A4E0-DCA479B96B06}.Release|Win32.ActiveCfg = Release|Win32
		{D45A1656-C9D6-4539-A4E0-DCA479B96B06}.Release|Win32.Build.0 = Release|Win32
		{D45A1656-C9D6-4539-A4E0-DCA479B96B06}.RelWithDebInfo|Win32.ActiveCfg = RelWithDebInfo|Win32
		{D45A1656-C9D6-4539-A4E0-DCA479B96B06}.RelWithDebInfo|Win32.Build.0 = RelWithDebInfo|Win32
		{25E59D2B-91B3-4FF0-AFD1-3A9F99C1485A}.Debug|Win32.ActiveCfg = Debug|Win32
		{25E59D2B-91B3-4FF0-AFD1-3A9F99C1485A}.Debug|Win32.Build.0 = Debug|Win32
		{25E59D2B-91B3-4FF0-AFD1-3A9F99C1485A}.MinSizeRel|Win32.ActiveCfg = MinSizeRel|Win32
		{25E59D2B-91B3-4FF0-AFD1-3A9F99C1485A}.MinSizeRel|Win32.Build.0 = MinSizeRel|Win32
		{25E59D2B-91B3-4FF0-AFD1-3A9F99C1485A}.Release|Win32.ActiveCfg = Release|Win32
		{25E59D2B-91B3-4FF0-AFD1-3A9F99C1485A}.Release|Win32.Build.0 = Release|Win32
		{25E59D2B-91B3-4FF0-AFD1-3A9F99C1485A}.RelWithDebInfo|Win32.ActiveCfg = RelWithDebInfo|Win32
		{25E59D2B-91B3-4FF0-AFD1-3A9F99C1485A}.RelWithDebInfo|Win32.Build.0 = RelWithDebInfo|Win32
		{AD42B87A-5312-40FC-B8D4-74A3B1036756}.Debug|Win32.ActiveCfg = Debug|Win32
		{AD42B87A-5312-40FC-B8D4-74A3B1036756}.Debug|Win32.Build.0 = Debug|Win32
		{AD42B87A-5312-40FC-B8D4-74A3B1036756}.MinSizeRel|Win32.ActiveCfg = MinSizeRel|Win32
		{AD42B87A-5312-40FC-B8D4-74A3B1036756}.MinSizeRel|Win32.Build.0 = MinSizeRel|Win32
		{AD42B87A-5312-40FC-B8D4-74A3B1036756}.Release|Win32.ActiveCfg = Release|Win32
		{AD42B87A-5312-40FC-B8D4-74A3B1036756}.Release|Win32.Build.0 = Release|Win32
		{AD42B87A-5312-40FC-B8D4-74A3B1036756}.RelWithDebInfo|Win32.ActiveCfg = RelWithDebInfo|Win32
		{AD42B87A-5312-40FC-B8D4-74A3B1036756}.RelWithDebInfo|Win32.Build.0 = RelWithDebInfo|Win32
		{11B6F89F-E251-45E0-BE0A-0D8467AAC1F0}.Debug|Win32.ActiveCfg = Debug|Win32
		{11B6F89F-E251-45E0-BE0A-0D8467AAC1F0}.Debug|Win32.Build.0 = Debug|Win32
		{11B6F89F-E251-45E0-BE0A-0D8467AAC1F0}.MinSizeRel|Win32.ActiveCfg = MinSizeRel|Win32
		{11B6F89F-E251-45E0-BE0A-0D8467AAC1F0}.MinSizeRel|Win32.Build.0 = MinSizeRel|Win32
		{11B6F89F-E251-45E0-BE0A-0D8467AAC1F0}.Release|Win32.ActiveCfg = Release|Win32
		{11B6F89F-E251-45E0-BE0A-0D8467AAC1F0}.Release|Win32.Build.0 = Release|Win32
		{11B6F89F-E251-45E0-BE0A-0D8467AAC1F0}.RelWithDebInfo|Win32.ActiveCfg = RelWithDebInfo|Win32
		{11B6F89F-E251-45E0-BE0A-0D8467AAC1F0}.RelWithDebInfo|Win32.Build.0 = RelWithDebInfo|Win32
		{F73EA149-3D69-4395-B466-349173F7316A}.Debug|Win32.ActiveCfg = Debug|Win32
		{F73EA149-3D69-4395-B466-349173F7316A}.Debug|Win32.Build.0 = Debug|Win32
		{F73EA149-3D69-4395-B466-349173F7316A}.MinSizeRel|Win32.ActiveCfg = MinSizeRel|Win32
		{F73EA149-3D69-4395-B466-349173F7316A}.MinSizeRel|Win32.Build.0 = MinSizeRel|Win32
		{F73EA149-3D69-4395-B466-349173F7316A}.Release|Win32.ActiveCfg = Release|Win32
		{F73EA149-3D69-4395-B466-349173F7316A}.Release|Win32.Build.0 = Release|Win32
		{F73EA149-3D69-4395-B466-349173F7316A}.RelWithDebInfo|Win32.ActiveCfg = RelWithDebInfo|Win32
		{F73EA149-3D69-4395-B466-349173F7316A}.RelWithDebInfo|Win32.Build.0 = RelWithDebInfo|Win32
		{1506887F-55C2-4159-8A98-31C3543854BE}.Debug|Win32.ActiveCfg = Debug|Win32
		{1506887F-55C2-4159-8A98-31C3543854BE}.Debug|Win32.Build.0 = Debug|Win32
		{1506887F-55C2-4159-8A98-31C3543854BE}.MinSizeRel|Win32.ActiveCfg = MinSizeRel|Win32
		{1506887F-55C2-4159-8A98-31C3543854BE}.MinSizeRel|Win32.Build.0 = MinSizeRel|Win32
		{1506887F-55C2-4159-8A98-31C3543854BE}.Release|Win32.ActiveCfg = Release|Win32
		{1506887F-55C2-4159-8A98-31C3543854BE}.Release|Win32.Build.0 = Release|Win32
		{1506887F-55C2-4159-8A98-31C3543854BE}.RelWithDebInfo|Win32.ActiveCfg = RelWithDebInfo|Win32
		{1506887F-55C2-4159-8A98-31C3543854BE}.RelWithDebInfo|Win32.Build.0 = RelWithDebInfo|Win32
		{5B7AB301-0AE2-4A5C-8DC0-95D3FC403D9F}.Debug|Win32.ActiveCfg = Debug|Win32
		{5B7AB301-0AE2-4A5C-8DC0-95D3FC403D9F}.Debug|Win32.Build.0 = Debug|Win32
		{5B7AB301-0AE2-4A5C-8DC0-95D3FC403D9F}.MinSizeRel|Win32.ActiveCfg = MinSizeRel|Win32
		{5B7AB301-0AE2-4A5C-8DC0-95D3FC403D9F}.MinSizeRel|Win32.Build.0 = MinSizeRel|Win32
		{5B7AB301-0AE2-4A5C-8DC0-95D3FC403D9F}.Release|Win32.ActiveCfg = Release|Win32
		{5B7AB301-0AE2-4A5C-8DC0-95D3FC403D9F}.Release|Win32.Build.0 = Release|Win32
		{5B7AB301-0AE2-4A5C-8DC0-95D3FC403D9F}.RelWithDebInfo|Win32.ActiveCfg = RelWithDebInfo|Win32
		{5B7AB301-0AE2-4A5C-8DC0-95D3FC403D9F}.RelWithDebInfo|Win32.Build.0 = RelWithDebInfo|Win32
		{B50741DE-7F47-4A0B-A5C3-D059ED2B9F2C}.Debug|Win32.ActiveCfg = Debug|Win32
		{B50741DE-7F47-4A0B-A5C3-D059ED2B9F2C}.Debug|Win32.Build.0 = Debug|Win32
		{B50741DE-7F47-4A0B-A5C3-D059ED2B9F2C}.MinSizeRel|Win32.ActiveCfg = MinSizeRel|Win32
		{B50741DE-7F47-4A0B-A5C3-D059ED2B9F2C}.MinSizeRel|Win32.Build.0 = MinSizeRel|Win32
		{B50741DE-7F47-4A0B-A5C3-D059ED2B9F2C}.Release|Win32.ActiveCfg = Release|Win32
		{B50741DE-7F47-4A0B-A5C3-D059ED2B9F2C}.Release|Win32.Build.0 = Release|Win32
		{B50741DE-7F47-4A0B-A5C3-D059ED2B9F2C}.RelWithDebInfo|Win32.ActiveCfg = RelWithDebInfo|Win32
		{B50741DE-7F47-4A0B-A5C3-D059ED2B9F2C}.RelWithDebInfo|Win32.Build.0 = RelWithDebInfo|Win32
		{9D800639-F50B-4832-A06C-4055784B1A4D}.Debug|Win32.ActiveCfg = Debug|Win32
		{9D800639-F50B-4832-A06C-4055784B1A4D}.Debug|Win32.Build.0 = Debug|Win32
		{9D800639-F50B-4832-A06C-4055784B1A4D}.MinSizeRel|Win32.ActiveCfg = MinSizeRel|Win32
		{9D800639-F50B-4832-A06C-4055784B1A4D}.MinSizeRel|Win32.Build.0 = MinSizeRel|Win32
		{9D800639-F50B-4832-A06C-4055784B1A4D}.Release|Win32.ActiveCfg = Release|Win32
		{9D800639-F50B-4832-A06C-4055784B1A4D}.Release|Win32.Build.0 = Release|Win32
		{9D800639-F50B-4832-A06C-4055784B1A4D}.RelWithDebInfo|Win32.ActiveCfg = RelWithDebInfo|Win32
		{9D800639-F50B-4832-A06C-4055784B1A4D}.RelWithDebInfo|Win32.Build.0 = RelWithDebInfo|Win32
		{AAA0D534-5FA4-4621-AD32-8A9C5F754646}.Debug|Win32.ActiveCfg = Debug|Win32
		{AAA0D534-5FA4-4621-AD32-8A9C5F754646}.Debug|Win32.Build.0 = Debug|Win32
		{AAA0D534-5FA4-4621-AD32-8A9C5F754646}.MinSizeRel|Win32.ActiveCfg = MinSizeRel|Win32
		{AAA0D534-5FA4-4621-AD32-8A9C5F754646}.MinSizeRel|Win32.Build.0 = MinSizeRel|Win32
		{AAA0D534-5FA4-4621-AD32-8A9C5F754646}.Release|Win32.ActiveCfg = Release|Win32
		{AAA0D534-5FA4-4621-AD32-8A9C5F754646}.Release|Win32.Build.0 = Release|Win32
		{AAA0D534-5FA4-4621-AD32-8A9C5F754646}.RelWithDebInfo|Win32.ActiveCfg = RelWithDebInfo|Win32
		{AAA0D534-5FA4-4621-AD32-8A9C5F754646}.RelWithDebInfo|Win32.Build.0 = RelWithDebInfo|Win32
		{9675D0D8-C215-4D8D-BCCF-49CCB8AE8016}.Debug|Win32.ActiveCfg = Debug|Win32
		{9675D0D8-C215-4D8D-BCCF-49CCB8AE8016}.Debug|Win32.Build.0 = Debug|Win32
		{9675D0D8-C215-4D8D-BCCF-49CCB8AE8016}.MinSizeRel|Win32.ActiveCfg = MinSizeRel|Win32
		{9675D0D8-C215-4D8D-BCCF-49CCB8AE8016}.MinSizeRel|Win32.Build.0 = MinSizeRel|Win32
		{9675D0D8-C215-4D8D-BCCF-49CCB8AE8016}.Release|Win32.ActiveCfg = Release|Win32
		{9675D0D8-C215-4D8D-BCCF-49CCB8AE8016}.Release|Win32.Build.0 = Release|Win32
		{9675D0D8-C215-4D8D-BCCF-49CCB8AE8016}.RelWithDebInfo|Win32.ActiveCfg = RelWithDebInfo|Win32
		{9675D0D8-C215-4D8D-BCCF-49CCB8AE8016}.RelWithDebInfo|Win32.Build.0 = RelWithDebInfo|Win32
		{C98348D1-B39D-4D19-87D2-128C3A0A275A}.Debug|Win32.ActiveCfg = Debug|Win32
		{C98348D1-B39D-4D19-87D2-128C3A0A275A}.Debug|Win32.Build.0 = Debug|Win32
		{C98348D1-B39D-4D19-87D2-128C3A0A275A}.MinSizeRel|Win32.ActiveCfg = MinSizeRel|Win32
		{C98348D1-B39D-4D19-87D2-128C3A0A275A}.MinSizeRel|Win32.Build.0 = MinSizeRel|Win32
		{C98348D1-B39D-4D19-87D2-128C3A0A275A}.Release|Win32.ActiveCfg = Release|Win32
		{C98348D1-B39D-4D19-87D2-128C3A0A275A}.Release|Win32.Build.0 = Release|Win32
		{C98348D1-B39D-4D19-87D2-128C3A0A275A}.RelWithDebInfo|Win32.ActiveCfg = RelWithDebInfo|Win32
		{C98348D1-B39D-4D19-87D2-128C3A0A275A}.RelWithDebInfo|Win32.Build.0 = RelWithDebInfo|Win32
		{F85CAAFB-1A5D-4BA1-85A8-352568A66CB7}.Debug|Win32.ActiveCfg = Debug|Win32
		{F85CAAFB-1A5D-4BA1-85A8-352568A66CB7}.Debug|Win32.Build.0 = Debug|Win32
		{F85CAAFB-1A5D-4BA1-85A8-352568A66CB7}.MinSizeRel|Win32.ActiveCfg = MinSizeRel|Win32
		{F85CAAFB-1A5D-4BA1-85A8-352568A66CB7}.MinSizeRel|Win32.Build.0 = MinSizeRel|Win32
		{F85CAAFB-1A5D-4BA1-85A8-352568A66CB7}.Release|Win32.ActiveCfg = Release|Win32
		{F85CAAFB-1A5D-4BA1-85A8-352568A66CB7}.Release|Win32.Build.0 = Release|Win32
		{F85CAAFB-1A5D-4BA1-85A8-352568A66CB7}.RelWithDebInfo|Win32.ActiveCfg = RelWithDebInfo|Win32
		{F85CAAFB-1A5D-4BA1-85A8-352568A66CB7}.RelWithDebInfo|Win32.Build.0 = RelWithDebInfo|Win32
		{70310C3F-0A33-4692-BD2F-42AF5056A3DE}.Debug|Win32.ActiveCfg = Debug|Win32
		{70310C3F-0A33-4692-BD2F-42AF5056A3DE}.Debug|Win32.Build.0 = Debug|Win32
		{70310C3F-0A33-4692-BD2F-42AF5056A3DE}.MinSizeRel|Win32.ActiveCfg = MinSizeRel|Win32
		{70310C3F-0A33-4692-BD2F-42AF5056A3DE}.MinSizeRel|Win32.Build.0 = MinSizeRel|Win32
		{70310C3F-0A33-4692-BD2F-42AF5056A3DE}.Release|Win32.ActiveCfg = Release|Win32
		{70310C3F-0A33-4692-BD2F-42AF5056A3DE}.Release|Win32.Build.0 = Release|Win32
		{70310C3F-0A33-4692-BD2F-42AF5056A3DE}.RelWithDebInfo|Win32.ActiveCfg = RelWithDebInfo|Win32
		{70310C3F-0A33-4692-BD2F-42AF5056A3DE}.RelWithDebInfo|Win32.Build.0 = RelWithDebInfo|Win32
		{EAB15CA6-16C5-41B7-AB16-E7CDDDA353BF}.Debug|Win32.ActiveCfg = Debug|Win32
		{EAB15CA6-16C5-41B7-AB16-E7CDDDA353BF}.Debug|Win32.Build.0 = Debug|Win32
		{EAB15CA6-16C5-41B7-AB16-E7CDDDA353BF}.MinSizeRel|Win32.ActiveCfg = MinSizeRel|Win32
		{EAB15CA6-16C5-41B7-AB16-E7CDDDA353BF}.MinSizeRel|Win32.Build.0 = MinSizeRel|Win32
		{EAB15CA6-16C5-41B7-AB16-E7CDDDA353BF}.Release|Win32.ActiveCfg = Release|Win32
		{EAB15CA6-16C5-41B7-AB16-E7CDDDA353BF}.Release|Win32.Build.0 = Release|Win32
		{EAB15CA6-16C5-41B7-AB16-E7CDDDA353BF}.RelWithDebInfo|Win32.ActiveCfg = RelWithDebInfo|Win32
		{EAB15CA6-16C5-41B7-AB16-E7CDDDA353BF}.RelWithDebInfo|Win32.Build.0 = RelWithDebInfo|Win32
		{9B548AE7-CE13-4EAF-803A-EBA3FF4385C4}.Debug|Win32.ActiveCfg = Debug|Win32
		{9B548AE7-CE13-4EAF-803A-EBA3FF4385C4}.Debug|Win32.Build.0 = Debug|Win32
		{9B548AE7-CE13-4EAF-803A-EBA3FF4385C4}.MinSizeRel|Win32.ActiveCfg = MinSizeRel|Win32
		{9B548AE7-CE13-4EAF-803A-EBA3FF4385C4}.MinSizeRel|Win32.Build.0 = MinSizeRel|Win32
		{9B548AE7-CE13-4EAF-803A-EBA3FF4385C4}.Release|Win32.ActiveCfg = Release|Win32
		{9B548AE7-CE13-4EAF-803A-EBA3FF4385C4}.Release|Win32.Build.0 = Release|Win32
		{9B548AE7-CE13-4EAF-803A-EBA3FF4385C4}.RelWithDebInfo|Win32.ActiveCfg = RelWithDebInfo|Win32
		{9B548AE7-CE13-4EAF-803A-EBA3FF4385C4}.RelWithDebInfo|Win32.Build.0 = RelWithDebInfo|Win32
		{4EC66F86-AB10-4338-A343-B75929E89F1D}.Debug|Win32.ActiveCfg = Debug|Win32
		{4EC66F86-AB10-4338-A343-B75929E89F1D}.Debug|Win32.Build.0 = Debug|Win32
		{4EC66F86-AB10-4338-A343-B75929E89F1D}.MinSizeRel|Win32.ActiveCfg = MinSizeRel|Win32
		{4EC66F86-AB10-4338-A343-B75929E89F1D}.MinSizeRel|Win32.Build.0 = MinSizeRel|Win32
		{4EC66F86-AB10-4338-A343-B75929E89F1D}.Release|Win32.ActiveCfg = Release|Win32
		{4EC66F86-AB10-4338-A343-B75929E89F1D}.Release|Win32.Build.0 = Release|Win32
		{4EC66F86-AB10-4338-A343-B75929E89F1D}.RelWithDebInfo|Win32.ActiveCfg = RelWithDebInfo|Win32
		{4EC66F86-AB10-4338-A343-B75929E89F1D}.RelWithDebInfo|Win32.Build.0 = RelWithDebInfo|Win32
		{72C66C64-42B4-4F1A-9163-AD8989792152}.Debug|Win32.ActiveCfg = Debug|Win32
		{72C66C64-42B4-4F1A-9163-AD8989792152}.Debug|Win32.Build.0 = Debug|Win32
		{72C66C64-42B4-4F1A-9163-AD8989792152}.MinSizeRel|Win32.ActiveCfg = MinSizeRel|Win32
		{72C66C64-42B4-4F1A-9163-AD8989792152}.MinSizeRel|Win32.Build.0 = MinSizeRel|Win32
		{72C66C64-42B4-4F1A-9163-AD8989792152}.Release|Win32.ActiveCfg = Release|Win32
		{72C66C64-42B4-4F1A-9163-AD8989792152}.Release|Win32.Build.0 = Release|Win32
		{72C66C64-42B4-4F1A-9163-AD8989792152}.RelWithDebInfo|Win32.ActiveCfg = RelWithDebInfo|Win32
		{72C66C64-42B4-4F1A-9163-AD8989792152}.RelWithDebInfo|Win32.Build.0 = RelWithDebInfo|Win32
		{D2D6730E-BBD2-4068-9D3F-B4C6C44E29EC}.Debug|Win32.ActiveCfg = Debug|Win32
		{D2D6730E-BBD2-4068-9D3F-B4C6C44E29EC}.Debug|Win32.Build.0 = Debug|Win32
		{D2D6730E-BBD2-4068-9D3F-B4C6C44E29EC}.MinSizeRel|Win32.ActiveCfg = MinSizeRel|Win32
		{D2D6730E-BBD2-4068-9D3F-B4C6C44E29EC}.MinSizeRel|Win32.Build.0 = MinSizeRel|Win32
		{D2D6730E-BBD2-4068-9D3F-B4C6C44E29EC}.Release|Win32.ActiveCfg = Release|Win32
		{D2D6730E-BBD2-4068-9D3F-B4C6C44E29EC}.Release|Win32.Build.0 = Release|Win32
		{D2D6730E-BBD2-4068-9D3F-B4C6C44E29EC}.RelWithDebInfo|Win32.ActiveCfg = RelWithDebInfo|Win32
		{D2D6730E-BBD2-4068-9D3F-B4C6C44E29EC}.RelWithDebInfo|Win32.Build.0 = RelWithDebInfo|Win32
		{4A46071E-292E-4216-B848-481B1C89ED19}.Debug|Win32.ActiveCfg = Debug|Win32
		{4A46071E-292E-4216-B848-481B1C89ED19}.Debug|Win32.Build.0 = Debug|Win32
		{4A46071E-292E-4216-B848-481B1C89ED19}.MinSizeRel|Win32.ActiveCfg = MinSizeRel|Win32
		{4A46071E-292E-4216-B848-481B1C89ED19}.MinSizeRel|Win32.Build.0 = MinSizeRel|Win32
		{4A46071E-292E-4216-B848-481B1C89ED19}.Release|Win32.ActiveCfg = Release|Win32
		{4A46071E-292E-4216-B848-481B1C89ED19}.Release|Win32.Build.0 = Release|Win32
		{4A46071E-292E-4216-B848-481B1C89ED19}.RelWithDebInfo|Win32.ActiveCfg = RelWithDebInfo|Win32
		{4A46071E-292E-4216-B848-481B1C89ED19}.RelWithDebInfo|Win32.Build.0 = RelWithDebInfo|Win32
		{9C1C47D9-BB61-4C83-A13B-9FC333351DA7}.Debug|Win32.ActiveCfg = Debug|Win32
		{9C1C47D9-BB61-4C83-A13B-9FC333351DA7}.Debug|Win32.Build.0 = Debug|Win32
		{9C1C47D9-BB61-4C83-A13B-9FC333351DA7}.MinSizeRel|Win32.ActiveCfg = MinSizeRel|Win32
		{9C1C47D9-BB61-4C83-A13B-9FC333351DA7}.MinSizeRel|Win32.Build.0 = MinSizeRel|Win32
		{9C1C47D9-BB61-4C83-A13B-9FC333351DA7}.Release|Win32.ActiveCfg = Release|Win32
		{9C1C47D9-BB61-4C83-A13B-9FC333351DA7}.Release|Win32.Build.0 = Release|Win32
		{9C1C47D9-BB61-4C83-A13B-9FC333351DA7}.RelWithDebInfo|Win32.ActiveCfg = RelWithDebInfo|Win32
		{9C1C47D9-BB61-4C83-A13B-9FC333351DA7}.RelWithDebInfo|Win32.Build.0 = RelWithDebInfo|Win32
		{0DA7F55D-AED7-449B-99DF-D21A1E4E8251}.Debug|Win32.ActiveCfg = Debug|Win32
		{0DA7F55D-AED7-449B-99DF-D21A1E4E8251}.Debug|Win32.Build.0 = Debug|Win32
		{0DA7F55D-AED7-449B-99DF-D21A1E4E8251}.MinSizeRel|Win32.ActiveCfg = MinSizeRel|Win32
		{0DA7F55D-AED7-449B-99DF-D21A1E4E8251}.MinSizeRel|Win32.Build.0 = MinSizeRel|Win32
		{0DA7F55D-AED7-449B-99DF-D21A1E4E8251}.Release|Win32.ActiveCfg = Release|Win32
		{0DA7F55D-AED7-449B-99DF-D21A1E4E8251}.Release|Win32.Build.0 = Release|Win32
		{0DA7F55D-AED7-449B-99DF-D21A1E4E8251}.RelWithDebInfo|Win32.ActiveCfg = RelWithDebInfo|Win32
		{0DA7F55D-AED7-449B-99DF-D21A1E4E8251}.RelWithDebInfo|Win32.Build.0 = RelWithDebInfo|Win32
		{5564EB39-9958-47DE-B45F-EE37C0CE7A0B}.Debug|Win32.ActiveCfg = Debug|Win32
		{5564EB39-9958-47DE-B45F-EE37C0CE7A0B}.Debug|Win32.Build.0 = Debug|Win32
		{5564EB39-9958-47DE-B45F-EE37C0CE7A0B}.MinSizeRel|Win32.ActiveCfg = MinSizeRel|Win32
		{5564EB39-9958-47DE-B45F-EE37C0CE7A0B}.MinSizeRel|Win32.Build.0 = MinSizeRel|Win32
		{5564EB39-9958-47DE-B45F-EE37C0CE7A0B}.Release|Win32.ActiveCfg = Release|Win32
		{5564EB39-9958-47DE-B45F-EE37C0CE7A0B}.Release|Win32.Build.0 = Release|Win32
		{5564EB39-9958-47DE-B45F-EE37C0CE7A0B}.RelWithDebInfo|Win32.ActiveCfg = RelWithDebInfo|Win32
		{5564EB39-9958-47DE-B45F-EE37C0CE7A0B}.RelWithDebInfo|Win32.Build.0 = RelWithDebInfo|Win32
		{BB57804A-175F-48AE-BFD2-B2CA5B012309}.Debug|Win32.ActiveCfg = Debug|Win32
		{BB57804A-175F-48AE-BFD2-B2CA5B012309}.Debug|Win32.Build.0 = Debug|Win32
		{BB57804A-175F-48AE-BFD2-B2CA5B012309}.MinSizeRel|Win32.ActiveCfg = MinSizeRel|Win32
		{BB57804A-175F-48AE-BFD2-B2CA5B012309}.MinSizeRel|Win32.Build.0 = MinSizeRel|Win32
		{BB57804A-175F-48AE-BFD2-B2CA5B012309}.Release|Win32.ActiveCfg = Release|Win32
		{BB57804A-175F-48AE-BFD2-B2CA5B012309}.Release|Win32.Build.0 = Release|Win32
		{BB57804A-175F-48AE-BFD2-B2CA5B012309}.RelWithDebInfo|Win32.ActiveCfg = RelWithDebInfo|Win32
		{BB57804A-175F-48AE-BFD2-B2CA5B012309}.RelWithDebInfo|Win32.Build.0 = RelWithDebInfo|Win32
		{8A34DB9E-5A71-420D-91D1-DE4FDB5DD8D1}.Debug|Win32.ActiveCfg = Debug|Win32
		{8A34DB9E-5A71-420D-91D1-DE4FDB5DD8D1}.Debug|Win32.Build.0 = Debug|Win32
		{8A34DB9E-5A71-420D-91D1-DE4FDB5DD8D1}.MinSizeRel|Win32.ActiveCfg = MinSizeRel|Win32
		{8A34DB9E-5A71-420D-91D1-DE4FDB5DD8D1}.MinSizeRel|Win32.Build.0 = MinSizeRel|Win32
		{8A34DB9E-5A71-420D-91D1-DE4FDB5DD8D1}.Release|Win32.ActiveCfg = Release|Win32
		{8A34DB9E-5A71-420D-91D1-DE4FDB5DD8D1}.Release|Win32.Build.0 = Release|Win32
		{8A34DB9E-5A71-420D-91D1-DE4FDB5DD8D1}.RelWithDebInfo|Win32.ActiveCfg = RelWithDebInfo|Win32
		{8A34DB9E-5A71-420D-91D1-DE4FDB5DD8D1}.RelWithDebInfo|Win32.Build.0 = RelWithDebInfo|Win32
		{4EB5CA3D-49CA-4565-BFA3-22F7C28E0380}.Debug|Win32.ActiveCfg = Debug|Win32
		{4EB5CA3D-49CA-4565-BFA3-22F7C28E0380}.Debug|Win32.Build.0 = Debug|Win32
		{4EB5CA3D-49CA-4565-BFA3-22F7C28E0380}.MinSizeRel|Win32.ActiveCfg = MinSizeRel|Win32
		{4EB5CA3D-49CA-4565-BFA3-22F7C28E0380}.MinSizeRel|Win32.Build.0 = MinSizeRel|Win32
		{4EB5CA3D-49CA-4565-BFA3-22F7C28E0380}.Release|Win32.ActiveCfg = Release|Win32
		{4EB5CA3D-49CA-4565-BFA3-22F7C28E0380}.Release|Win32.Build.0 = Release|Win32
		{4EB5CA3D-49CA-4565-BFA3-22F7C28E0380}.RelWithDebInfo|Win32.ActiveCfg = RelWithDebInfo|Win32
		{4EB5CA3D-49CA-4565-BFA3-22F7C28E0380}.RelWithDebInfo|Win32.Build.0 = RelWithDebInfo|Win32
		{908D07A8-2B48-4487-BA0C-9202832D882B}.Debug|Win32.ActiveCfg = Debug|Win32
		{908D07A8-2B48-4487-BA0C-9202832D882B}.Debug|Win32.Build.0 = Debug|Win32
		{908D07A8-2B48-4487-BA0C-9202832D882B}.MinSizeRel|Win32.ActiveCfg = MinSizeRel|Win32
		{908D07A8-2B48-4487-BA0C-9202832D882B}.MinSizeRel|Win32.Build.0 = MinSizeRel|Win32
		{908D07A8-2B48-4487-BA0C-9202832D882B}.Release|Win32.ActiveCfg = Release|Win32
		{908D07A8-2B48-4487-BA0C-9202832D882B}.Release|Win32.Build.0 = Release|Win32
		{908D07A8-2B48-4487-BA0C-9202832D882B}.RelWithDebInfo|Win32.ActiveCfg = RelWithDebInfo|Win32
		{908D07A8-2B48-4487-BA0C-9202832D882B}.RelWithDebInfo|Win32.Build.0 = RelWithDebInfo|Win32
		{5A0F5E34-22B6-40D2-888C-FF48FA78E8DF}.Debug|Win32.ActiveCfg = Debug|Win32
		{5A0F5E34-22B6-40D2-888C-FF48FA78E8DF}.Debug|Win32.Build.0 = Debug|Win32
		{5A0F5E34-22B6-40D2-888C-FF48FA78E8DF}.MinSizeRel|Win32.ActiveCfg = MinSizeRel|Win32
		{5A0F5E34-22B6-40D2-888C-FF48FA78E8DF}.MinSizeRel|Win32.Build.0 = MinSizeRel|Win32
		{5A0F5E34-22B6-40D2-888C-FF48FA78E8DF}.Release|Win32.ActiveCfg = Release|Win32
		{5A0F5E34-22B6-40D2-888C-FF48FA78E8DF}.Release|Win32.Build.0 = Release|Win32
		{5A0F5E34-22B6-40D2-888C-FF48FA78E8DF}.RelWithDebInfo|Win32.ActiveCfg = RelWithDebInfo|Win32
		{5A0F5E34-22B6-40D2-888C-FF48FA78E8DF}.RelWithDebInfo|Win32.Build.0 = RelWithDebInfo|Win32
		{2A3F9256-2941-4DCA-ADD0-E80D3F009EF5}.Debug|Win32.ActiveCfg = Debug|Win32
		{2A3F9256-2941-4DCA-ADD0-E80D3F009EF5}.Debug|Win32.Build.0 = Debug|Win32
		{2A3F9256-2941-4DCA-ADD0-E80D3F009EF5}.MinSizeRel|Win32.ActiveCfg = MinSizeRel|Win32
		{2A3F9256-2941-4DCA-ADD0-E80D3F009EF5}.MinSizeRel|Win32.Build.0 = MinSizeRel|Win32
		{2A3F9256-2941-4DCA-ADD0-E80D3F009EF5}.Release|Win32.ActiveCfg = Release|Win32
		{2A3F9256-2941-4DCA-ADD0-E80D3F009EF5}.Release|Win32.Build.0 = Release|Win32
		{2A3F9256-2941-4DCA-ADD0-E80D3F009EF5}.RelWithDebInfo|Win32.ActiveCfg = RelWithDebInfo|Win32
		{2A3F9256-2941-4DCA-ADD0-E80D3F009EF5}.RelWithDebInfo|Win32.Build.0 = RelWithDebInfo|Win32
		{9F1EAAC9-707E-4D3A-807A-C336429E09BC}.Debug|Win32.ActiveCfg = Debug|Win32
		{9F1EAAC9-707E-4D3A-807A-C336429E09BC}.Debug|Win32.Build.0 = Debug|Win32
		{9F1EAAC9-707E-4D3A-807A-C336429E09BC}.MinSizeRel|Win32.ActiveCfg = MinSizeRel|Win32
		{9F1EAAC9-707E-4D3A-807A-C336429E09BC}.MinSizeRel|Win32.Build.0 = MinSizeRel|Win32
		{9F1EAAC9-707E-4D3A-807A-C336429E09BC}.Release|Win32.ActiveCfg = Release|Win32
		{9F1EAAC9-707E-4D3A-807A-C336429E09BC}.Release|Win32.Build.0 = Release|Win32
		{9F1EAAC9-707E-4D3A-807A-C336429E09BC}.RelWithDebInfo|Win32.ActiveCfg = RelWithDebInfo|Win32
		{9F1EAAC9-707E-4D3A-807A-C336429E09BC}.RelWithDebInfo|Win32.Build.0 = RelWithDebInfo|Win32
		{7476BF81-B6CD-44BC-9C03-2663D197DEFD}.Debug|Win32.ActiveCfg = Debug|Win32
		{7476BF81-B6CD-44BC-9C03-2663D197DEFD}.Debug|Win32.Build.0 = Debug|Win32
		{7476BF81-B6CD-44BC-9C03-2663D197DEFD}.MinSizeRel|Win32.ActiveCfg = MinSizeRel|Win32
		{7476BF81-B6CD-44BC-9C03-2663D197DEFD}.MinSizeRel|Win32.Build.0 = MinSizeRel|Win32
		{7476BF81-B6CD-44BC-9C03-2663D197DEFD}.Release|Win32.ActiveCfg = Release|Win32
		{7476BF81-B6CD-44BC-9C03-2663D197DEFD}.Release|Win32.Build.0 = Release|Win32
		{7476BF81-B6CD-44BC-9C03-2663D197DEFD}.RelWithDebInfo|Win32.ActiveCfg = RelWithDebInfo|Win32
		{7476BF81-B6CD-44BC-9C03-2663D197DEFD}.RelWithDebInfo|Win32.Build.0 = RelWithDebInfo|Win32
		{20DE3D23-5A44-4038-A420-05CC34EA8772}.Debug|Win32.ActiveCfg = Debug|Win32
		{20DE3D23-5A44-4038-A420-05CC34EA8772}.Debug|Win32.Build.0 = Debug|Win32
		{20DE3D23-5A44-4038-A420-05CC34EA8772}.MinSizeRel|Win32.ActiveCfg = MinSizeRel|Win32
		{20DE3D23-5A44-4038-A420-05CC34EA8772}.MinSizeRel|Win32.Build.0 = MinSizeRel|Win32
		{20DE3D23-5A44-4038-A420-05CC34EA8772}.Release|Win32.ActiveCfg = Release|Win32
		{20DE3D23-5A44-4038-A420-05CC34EA8772}.Release|Win32.Build.0 = Release|Win32
		{20DE3D23-5A44-4038-A420-05CC34EA8772}.RelWithDebInfo|Win32.ActiveCfg = RelWithDebInfo|Win32
		{20DE3D23-5A44-4038-A420-05CC34EA8772}.RelWithDebInfo|Win32.Build.0 = RelWithDebInfo|Win32
		{115B839A-471F-4F57-8074-0FB26A40E0BF}.Debug|Win32.ActiveCfg = Debug|Win32
		{115B839A-471F-4F57-8074-0FB26A40E0BF}.Debug|Win32.Build.0 = Debug|Win32
		{115B839A-471F-4F57-8074-0FB26A40E0BF}.MinSizeRel|Win32.ActiveCfg = MinSizeRel|Win32
		{115B839A-471F-4F57-8074-0FB26A40E0BF}.MinSizeRel|Win32.Build.0 = MinSizeRel|Win32
		{115B839A-471F-4F57-8074-0FB26A40E0BF}.Release|Win32.ActiveCfg = Release|Win32
		{115B839A-471F-4F57-8074-0FB26A40E0BF}.Release|Win32.Build.0 = Release|Win32
		{115B839A-471F-4F57-8074-0FB26A40E0BF}.RelWithDebInfo|Win32.ActiveCfg = RelWithDebInfo|Win32
		{115B839A-471F-4F57-8074-0FB26A40E0BF}.RelWithDebInfo|Win32.Build.0 = RelWithDebInfo|Win32
		{56A67C8C-991E-4B94-8517-6630863858F9}.Debug|Win32.ActiveCfg = Debug|Win32
		{56A67C8C-991E-4B94-8517-6630863858F9}.Debug|Win32.Build.0 = Debug|Win32
		{56A67C8C-991E-4B94-8517-6630863858F9}.MinSizeRel|Win32.ActiveCfg = MinSizeRel|Win32
		{56A67C8C-991E-4B94-8517-6630863858F9}.MinSizeRel|Win32.Build.0 = MinSizeRel|Win32
		{56A67C8C-991E-4B94-8517-6630863858F9}.Release|Win32.ActiveCfg = Release|Win32
		{56A67C8C-991E-4B94-8517-6630863858F9}.Release|Win32.Build.0 = Release|Win32
		{56A67C8C-991E-4B94-8517-6630863858F9}.RelWithDebInfo|Win32.ActiveCfg = RelWithDebInfo|Win32
		{56A67C8C-991E-4B94-8517-6630863858F9}.RelWithDebInfo|Win32.Build.0 = RelWithDebInfo|Win32
		{3DFDD1E0-2D3B-4914-A66A-CF84BD5846C8}.Debug|Win32.ActiveCfg = Debug|Win32
		{3DFDD1E0-2D3B-4914-A66A-CF84BD5846C8}.Debug|Win32.Build.0 = Debug|Win32
		{3DFDD1E0-2D3B-4914-A66A-CF84BD5846C8}.MinSizeRel|Win32.ActiveCfg = MinSizeRel|Win32
		{3DFDD1E0-2D3B-4914-A66A-CF84BD5846C8}.MinSizeRel|Win32.Build.0 = MinSizeRel|Win32
		{3DFDD1E0-2D3B-4914-A66A-CF84BD5846C8}.Release|Win32.ActiveCfg = Release|Win32
		{3DFDD1E0-2D3B-4914-A66A-CF84BD5846C8}.Release|Win32.Build.0 = Release|Win32
		{3DFDD1E0-2D3B-4914-A66A-CF84BD5846C8}.RelWithDebInfo|Win32.ActiveCfg = RelWithDebInfo|Win32
		{3DFDD1E0-2D3B-4914-A66A-CF84BD5846C8}.RelWithDebInfo|Win32.Build.0 = RelWithDebInfo|Win32
		{5591B8A6-6BFC-4BA9-9353-237455C8B473}.Debug|Win32.ActiveCfg = Debug|Win32
		{5591B8A6-6BFC-4BA9-9353-237455C8B473}.Debug|Win32.Build.0 = Debug|Win32
		{5591B8A6-6BFC-4BA9-9353-237455C8B473}.MinSizeRel|Win32.ActiveCfg = MinSizeRel|Win32
		{5591B8A6-6BFC-4BA9-9353-237455C8B473}.MinSizeRel|Win32.Build.0 = MinSizeRel|Win32
		{5591B8A6-6BFC-4BA9-9353-237455C8B473}.Release|Win32.ActiveCfg = Release|Win32
		{5591B8A6-6BFC-4BA9-9353-237455C8B473}.Release|Win32.Build.0 = Release|Win32
		{5591B8A6-6BFC-4BA9-9353-237455C8B473}.RelWithDebInfo|Win32.ActiveCfg = RelWithDebInfo|Win32
		{5591B8A6-6BFC-4BA9-9353-237455C8B473}.RelWithDebInfo|Win32.Build.0 = RelWithDebInfo|Win32
		{6587DB43-BC4A-4F7C-97F6-99DD90D24260}.Debug|Win32.ActiveCfg = Debug|Win32
		{6587DB43-BC4A-4F7C-97F6-99DD90D24260}.Debug|Win32.Build.0 = Debug|Win32
		{6587DB43-BC4A-4F7C-97F6-99DD90D24260}.MinSizeRel|Win32.ActiveCfg = MinSizeRel|Win32
		{6587DB43-BC4A-4F7C-97F6-99DD90D24260}.MinSizeRel|Win32.Build.0 = MinSizeRel|Win32
		{6587DB43-BC4A-4F7C-97F6-99DD90D24260}.Release|Win32.ActiveCfg = Release|Win32
		{6587DB43-BC4A-4F7C-97F6-99DD90D24260}.Release|Win32.Build.0 = Release|Win32
		{6587DB43-BC4A-4F7C-97F6-99DD90D24260}.RelWithDebInfo|Win32.ActiveCfg = RelWithDebInfo|Win32
		{6587DB43-BC4A-4F7C-97F6-99DD90D24260}.RelWithDebInfo|Win32.Build.0 = RelWithDebInfo|Win32
		{5836CD64-9B41-4A2D-8B20-294E1A3705CA}.Debug|Win32.ActiveCfg = Debug|Win32
		{5836CD64-9B41-4A2D-8B20-294E1A3705CA}.Debug|Win32.Build.0 = Debug|Win32
		{5836CD64-9B41-4A2D-8B20-294E1A3705CA}.MinSizeRel|Win32.ActiveCfg = MinSizeRel|Win32
		{5836CD64-9B41-4A2D-8B20-294E1A3705CA}.MinSizeRel|Win32.Build.0 = MinSizeRel|Win32
		{5836CD64-9B41-4A2D-8B20-294E1A3705CA}.Release|Win32.ActiveCfg = Release|Win32
		{5836CD64-9B41-4A2D-8B20-294E1A3705CA}.Release|Win32.Build.0 = Release|Win32
		{5836CD64-9B41-4A2D-8B20-294E1A3705CA}.RelWithDebInfo|Win32.ActiveCfg = RelWithDebInfo|Win32
		{5836CD64-9B41-4A2D-8B20-294E1A3705CA}.RelWithDebInfo|Win32.Build.0 = RelWithDebInfo|Win32
		{A53C1893-CD6A-4178-A927-1C77FAA0F4AE}.Debug|Win32.ActiveCfg = Debug|Win32
		{A53C1893-CD6A-4178-A927-1C77FAA0F4AE}.Debug|Win32.Build.0 = Debug|Win32
		{A53C1893-CD6A-4178-A927-1C77FAA0F4AE}.MinSizeRel|Win32.ActiveCfg = MinSizeRel|Win32
		{A53C1893-CD6A-4178-A927-1C77FAA0F4AE}.MinSizeRel|Win32.Build.0 = MinSizeRel|Win32
		{A53C1893-CD6A-4178-A927-1C77FAA0F4AE}.Release|Win32.ActiveCfg = Release|Win32
		{A53C1893-CD6A-4178-A927-1C77FAA0F4AE}.Release|Win32.Build.0 = Release|Win32
		{A53C1893-CD6A-4178-A927-1C77FAA0F4AE}.RelWithDebInfo|Win32.ActiveCfg = RelWithDebInfo|Win32
		{A53C1893-CD6A-4178-A927-1C77FAA0F4AE}.RelWithDebInfo|Win32.Build.0 = RelWithDebInfo|Win32
		{9653655F-56B6-4915-A518-96CAF65E2E7D}.Debug|Win32.ActiveCfg = Debug|Win32
		{9653655F-56B6-4915-A518-96CAF65E2E7D}.Debug|Win32.Build.0 = Debug|Win32
		{9653655F-56B6-4915-A518-96CAF65E2E7D}.MinSizeRel|Win32.ActiveCfg = MinSizeRel|Win32
		{9653655F-56B6-4915-A518-96CAF65E2E7D}.MinSizeRel|Win32.Build.0 = MinSizeRel|Win32
		{9653655F-56B6-4915-A518-96CAF65E2E7D}.Release|Win32.ActiveCfg = Release|Win32
		{9653655F-56B6-4915-A518-96CAF65E2E7D}.Release|Win32.Build.0 = Release|Win32
		{9653655F-56B6-4915-A518-96CAF65E2E7D}.RelWithDebInfo|Win32.ActiveCfg = RelWithDebInfo|Win32
		{9653655F-56B6-4915-A518-96CAF65E2E7D}.RelWithDebInfo|Win32.Build.0 = RelWithDebInfo|Win32
		{F1EA0A1E-3E6B-4225-A7A2-F24F68D7BE43}.Debug|Win32.ActiveCfg = Debug|Win32
		{F1EA0A1E-3E6B-4225-A7A2-F24F68D7BE43}.Debug|Win32.Build.0 = Debug|Win32
		{F1EA0A1E-3E6B-4225-A7A2-F24F68D7BE43}.MinSizeRel|Win32.ActiveCfg = MinSizeRel|Win32
		{F1EA0A1E-3E6B-4225-A7A2-F24F68D7BE43}.MinSizeRel|Win32.Build.0 = MinSizeRel|Win32
		{F1EA0A1E-3E6B-4225-A7A2-F24F68D7BE43}.Release|Win32.ActiveCfg = Release|Win32
		{F1EA0A1E-3E6B-4225-A7A2-F24F68D7BE43}.Release|Win32.Build.0 = Release|Win32
		{F1EA0A1E-3E6B-4225-A7A2-F24F68D7BE43}.RelWithDebInfo|Win32.ActiveCfg = RelWithDebInfo|Win32
		{F1EA0A1E-3E6B-4225-A7A2-F24F68D7BE43}.RelWithDebInfo|Win32.Build.0 = RelWithDebInfo|Win32
		{286D7BFF-8F2E-4DC4-A9DB-5F4F862C22E1}.Debug|Win32.ActiveCfg = Debug|Win32
		{286D7BFF-8F2E-4DC4-A9DB-5F4F862C22E1}.Debug|Win32.Build.0 = Debug|Win32
		{286D7BFF-8F2E-4DC4-A9DB-5F4F862C22E1}.MinSizeRel|Win32.ActiveCfg = MinSizeRel|Win32
		{286D7BFF-8F2E-4DC4-A9DB-5F4F862C22E1}.MinSizeRel|Win32.Build.0 = MinSizeRel|Win32
		{286D7BFF-8F2E-4DC4-A9DB-5F4F862C22E1}.Release|Win32.ActiveCfg = Release|Win32
		{286D7BFF-8F2E-4DC4-A9DB-5F4F862C22E1}.Release|Win32.Build.0 = Release|Win32
		{286D7BFF-8F2E-4DC4-A9DB-5F4F862C22E1}.RelWithDebInfo|Win32.ActiveCfg = RelWithDebInfo|Win32
		{286D7BFF-8F2E-4DC4-A9DB-5F4F862C22E1}.RelWithDebInfo|Win32.Build.0 = RelWithDebInfo|Win32
		{BD9786CB-157C-4AED-89A3-538260B89B58}.Debug|Win32.ActiveCfg = Debug|Win32
		{BD9786CB-157C-4AED-89A3-538260B89B58}.Debug|Win32.Build.0 = Debug|Win32
		{BD9786CB-157C-4AED-89A3-538260B89B58}.MinSizeRel|Win32.ActiveCfg = MinSizeRel|Win32
		{BD9786CB-157C-4AED-89A3-538260B89B58}.MinSizeRel|Win32.Build.0 = MinSizeRel|Win32
		{BD9786CB-157C-4AED-89A3-538260B89B58}.Release|Win32.ActiveCfg = Release|Win32
		{BD9786CB-157C-4AED-89A3-538260B89B58}.Release|Win32.Build.0 = Release|Win32
		{BD9786CB-157C-4AED-89A3-538260B89B58}.RelWithDebInfo|Win32.ActiveCfg = RelWithDebInfo|Win32
		{BD9786CB-157C-4AED-89A3-538260B89B58}.RelWithDebInfo|Win32.Build.0 = RelWithDebInfo|Win32
		{1DD522FA-C8D0-46FF-8D31-778666E23F23}.Debug|Win32.ActiveCfg = Debug|Win32
		{1DD522FA-C8D0-46FF-8D31-778666E23F23}.Debug|Win32.Build.0 = Debug|Win32
		{1DD522FA-C8D0-46FF-8D31-778666E23F23}.MinSizeRel|Win32.ActiveCfg = MinSizeRel|Win32
		{1DD522FA-C8D0-46FF-8D31-778666E23F23}.MinSizeRel|Win32.Build.0 = MinSizeRel|Win32
		{1DD522FA-C8D0-46FF-8D31-778666E23F23}.Release|Win32.ActiveCfg = Release|Win32
		{1DD522FA-C8D0-46FF-8D31-778666E23F23}.Release|Win32.Build.0 = Release|Win32
		{1DD522FA-C8D0-46FF-8D31-778666E23F23}.RelWithDebInfo|Win32.ActiveCfg = RelWithDebInfo|Win32
		{1DD522FA-C8D0-46FF-8D31-778666E23F23}.RelWithDebInfo|Win32.Build.0 = RelWithDebInfo|Win32
		{9AC82771-6158-4914-9E32-07FED7568D2F}.Debug|Win32.ActiveCfg = Debug|Win32
		{9AC82771-6158-4914-9E32-07FED7568D2F}.Debug|Win32.Build.0 = Debug|Win32
		{9AC82771-6158-4914-9E32-07FED7568D2F}.MinSizeRel|Win32.ActiveCfg = MinSizeRel|Win32
		{9AC82771-6158-4914-9E32-07FED7568D2F}.MinSizeRel|Win32.Build.0 = MinSizeRel|Win32
		{9AC82771-6158-4914-9E32-07FED7568D2F}.Release|Win32.ActiveCfg = Release|Win32
		{9AC82771-6158-4914-9E32-07FED7568D2F}.Release|Win32.Build.0 = Release|Win32
		{9AC82771-6158-4914-9E32-07FED7568D2F}.RelWithDebInfo|Win32.ActiveCfg = RelWithDebInfo|Win32
		{9AC82771-6158-4914-9E32-07FED7568D2F}.RelWithDebInfo|Win32.Build.0 = RelWithDebInfo|Win32
		{0962394F-BE5E-4759-BC7D-3E82995797F4}.Debug|Win32.ActiveCfg = Debug|Win32
		{0962394F-BE5E-4759-BC7D-3E82995797F4}.Debug|Win32.Build.0 = Debug|Win32
		{0962394F-BE5E-4759-BC7D-3E82995797F4}.MinSizeRel|Win32.ActiveCfg = MinSizeRel|Win32
		{0962394F-BE5E-4759-BC7D-3E82995797F4}.MinSizeRel|Win32.Build.0 = MinSizeRel|Win32
		{0962394F-BE5E-4759-BC7D-3E82995797F4}.Release|Win32.ActiveCfg = Release|Win32
		{0962394F-BE5E-4759-BC7D-3E82995797F4}.Release|Win32.Build.0 = Release|Win32
		{0962394F-BE5E-4759-BC7D-3E82995797F4}.RelWithDebInfo|Win32.ActiveCfg = RelWithDebInfo|Win32
		{0962394F-BE5E-4759-BC7D-3E82995797F4}.RelWithDebInfo|Win32.Build.0 = RelWithDebInfo|Win32
		{140C0096-4C8B-4854-A76D-DF0B659A6C52}.Debug|Win32.ActiveCfg = Debug|Win32
		{140C0096-4C8B-4854-A76D-DF0B659A6C52}.Debug|Win32.Build.0 = Debug|Win32
		{140C0096-4C8B-4854-A76D-DF0B659A6C52}.MinSizeRel|Win32.ActiveCfg = MinSizeRel|Win32
		{140C0096-4C8B-4854-A76D-DF0B659A6C52}.MinSizeRel|Win32.Build.0 = MinSizeRel|Win32
		{140C0096-4C8B-4854-A76D-DF0B659A6C52}.Release|Win32.ActiveCfg = Release|Win32
		{140C0096-4C8B-4854-A76D-DF0B659A6C52}.Release|Win32.Build.0 = Release|Win32
		{140C0096-4C8B-4854-A76D-DF0B659A6C52}.RelWithDebInfo|Win32.ActiveCfg = RelWithDebInfo|Win32
		{140C0096-4C8B-4854-A76D-DF0B659A6C52}.RelWithDebInfo|Win32.Build.0 = RelWithDebInfo|Win32
		{7FDF9E7C-DA0E-4D59-845C-F98D20B5A253}.Debug|Win32.ActiveCfg = Debug|Win32
		{7FDF9E7C-DA0E-4D59-845C-F98D20B5A253}.Debug|Win32.Build.0 = Debug|Win32
		{7FDF9E7C-DA0E-4D59-845C-F98D20B5A253}.MinSizeRel|Win32.ActiveCfg = MinSizeRel|Win32
		{7FDF9E7C-DA0E-4D59-845C-F98D20B5A253}.MinSizeRel|Win32.Build.0 = MinSizeRel|Win32
		{7FDF9E7C-DA0E-4D59-845C-F98D20B5A253}.Release|Win32.ActiveCfg = Release|Win32
		{7FDF9E7C-DA0E-4D59-845C-F98D20B5A253}.Release|Win32.Build.0 = Release|Win32
		{7FDF9E7C-DA0E-4D59-845C-F98D20B5A253}.RelWithDebInfo|Win32.ActiveCfg = RelWithDebInfo|Win32
		{7FDF9E7C-DA0E-4D59-845C-F98D20B5A253}.RelWithDebInfo|Win32.Build.0 = RelWithDebInfo|Win32
		{FEFFE719-7ED2-436D-B867-16FB741EB8E2}.Debug|Win32.ActiveCfg = Debug|Win32
		{FEFFE719-7ED2-436D-B867-16FB741EB8E2}.Debug|Win32.Build.0 = Debug|Win32
		{FEFFE719-7ED2-436D-B867-16FB741EB8E2}.MinSizeRel|Win32.ActiveCfg = MinSizeRel|Win32
		{FEFFE719-7ED2-436D-B867-16FB741EB8E2}.MinSizeRel|Win32.Build.0 = MinSizeRel|Win32
		{FEFFE719-7ED2-436D-B867-16FB741EB8E2}.Release|Win32.ActiveCfg = Release|Win32
		{FEFFE719-7ED2-436D-B867-16FB741EB8E2}.Release|Win32.Build.0 = Release|Win32
		{FEFFE719-7ED2-436D-B867-16FB741EB8E2}.RelWithDebInfo|Win32.ActiveCfg = RelWithDebInfo|Win32
		{FEFFE719-7ED2-436D-B867-16FB741EB8E2}.RelWithDebInfo|Win32.Build.0 = RelWithDebInfo|Win32
		{F5472CCA-CF89-4BF3-9200-4F8A4F532479}.Debug|Win32.ActiveCfg = Debug|Win32
		{F5472CCA-CF89-4BF3-9200-4F8A4F532479}.Debug|Win32.Build.0 = Debug|Win32
		{F5472CCA-CF89-4BF3-9200-4F8A4F532479}.MinSizeRel|Win32.ActiveCfg = MinSizeRel|Win32
		{F5472CCA-CF89-4BF3-9200-4F8A4F532479}.MinSizeRel|Win32.Build.0 = MinSizeRel|Win32
		{F5472CCA-CF89-4BF3-9200-4F8A4F532479}.Release|Win32.ActiveCfg = Release|Win32
		{F5472CCA-CF89-4BF3-9200-4F8A4F532479}.Release|Win32.Build.0 = Release|Win32
		{F5472CCA-CF89-4BF3-9200-4F8A4F532479}.RelWithDebInfo|Win32.ActiveCfg = RelWithDebInfo|Win32
		{F5472CCA-CF89-4BF3-9200-4F8A4F532479}.RelWithDebInfo|Win32.Build.0 = RelWithDebInfo|Win32
		{91436BA4-4667-4673-9DE7-7F2D19F16FDB}.Debug|Win32.ActiveCfg = Debug|Win32
		{91436BA4-4667-4673-9DE7-7F2D19F16FDB}.Debug|Win32.Build.0 = Debug|Win32
		{91436BA4-4667-4673-9DE7-7F2D19F16FDB}.MinSizeRel|Win32.ActiveCfg = MinSizeRel|Win32
		{91436BA4-4667-4673-9DE7-7F2D19F16FDB}.MinSizeRel|Win32.Build.0 = MinSizeRel|Win32
		{91436BA4-4667-4673-9DE7-7F2D19F16FDB}.Release|Win32.ActiveCfg = Release|Win32
		{91436BA4-4667-4673-9DE7-7F2D19F16FDB}.Release|Win32.Build.0 = Release|Win32
		{91436BA4-4667-4673-9DE7-7F2D19F16FDB}.RelWithDebInfo|Win32.ActiveCfg = RelWithDebInfo|Win32
		{91436BA4-4667-4673-9DE7-7F2D19F16FDB}.RelWithDebInfo|Win32.Build.0 = RelWithDebInfo|Win32
		{3207563C-33D8-4858-B100-76FE6CD6BF61}.Debug|Win32.ActiveCfg = Debug|Win32
		{3207563C-33D8-4858-B100-76FE6CD6BF61}.Debug|Win32.Build.0 = Debug|Win32
		{3207563C-33D8-4858-B100-76FE6CD6BF61}.MinSizeRel|Win32.ActiveCfg = MinSizeRel|Win32
		{3207563C-33D8-4858-B100-76FE6CD6BF61}.MinSizeRel|Win32.Build.0 = MinSizeRel|Win32
		{3207563C-33D8-4858-B100-76FE6CD6BF61}.Release|Win32.ActiveCfg = Release|Win32
		{3207563C-33D8-4858-B100-76FE6CD6BF61}.Release|Win32.Build.0 = Release|Win32
		{3207563C-33D8-4858-B100-76FE6CD6BF61}.RelWithDebInfo|Win32.ActiveCfg = RelWithDebInfo|Win32
		{3207563C-33D8-4858-B100-76FE6CD6BF61}.RelWithDebInfo|Win32.Build.0 = RelWithDebInfo|Win32
		{A4FD4F4D-50A6-43CC-85F0-DF1E77ED6DDF}.Debug|Win32.ActiveCfg = Debug|Win32
		{A4FD4F4D-50A6-43CC-85F0-DF1E77ED6DDF}.Debug|Win32.Build.0 = Debug|Win32
		{A4FD4F4D-50A6-43CC-85F0-DF1E77ED6DDF}.MinSizeRel|Win32.ActiveCfg = MinSizeRel|Win32
		{A4FD4F4D-50A6-43CC-85F0-DF1E77ED6DDF}.MinSizeRel|Win32.Build.0 = MinSizeRel|Win32
		{A4FD4F4D-50A6-43CC-85F0-DF1E77ED6DDF}.Release|Win32.ActiveCfg = Release|Win32
		{A4FD4F4D-50A6-43CC-85F0-DF1E77ED6DDF}.Release|Win32.Build.0 = Release|Win32
		{A4FD4F4D-50A6-43CC-85F0-DF1E77ED6DDF}.RelWithDebInfo|Win32.ActiveCfg = RelWithDebInfo|Win32
		{A4FD4F4D-50A6-43CC-85F0-DF1E77ED6DDF}.RelWithDebInfo|Win32.Build.0 = RelWithDebInfo|Win32
		{8965EA0B-BFFB-4928-8475-3E8B28F5592D}.Debug|Win32.ActiveCfg = Debug|Win32
		{8965EA0B-BFFB-4928-8475-3E8B28F5592D}.Debug|Win32.Build.0 = Debug|Win32
		{8965EA0B-BFFB-4928-8475-3E8B28F5592D}.MinSizeRel|Win32.ActiveCfg = MinSizeRel|Win32
		{8965EA0B-BFFB-4928-8475-3E8B28F5592D}.MinSizeRel|Win32.Build.0 = MinSizeRel|Win32
		{8965EA0B-BFFB-4928-8475-3E8B28F5592D}.Release|Win32.ActiveCfg = Release|Win32
		{8965EA0B-BFFB-4928-8475-3E8B28F5592D}.Release|Win32.Build.0 = Release|Win32
		{8965EA0B-BFFB-4928-8475-3E8B28F5592D}.RelWithDebInfo|Win32.ActiveCfg = RelWithDebInfo|Win32
		{8965EA0B-BFFB-4928-8475-3E8B28F5592D}.RelWithDebInfo|Win32.Build.0 = RelWithDebInfo|Win32
		{2DDD40CC-6CE9-483A-9B9C-73AAD0DC8205}.Debug|Win32.ActiveCfg = Debug|Win32
		{2DDD40CC-6CE9-483A-9B9C-73AAD0DC8205}.Debug|Win32.Build.0 = Debug|Win32
		{2DDD40CC-6CE9-483A-9B9C-73AAD0DC8205}.MinSizeRel|Win32.ActiveCfg = Release|Win32
		{2DDD40CC-6CE9-483A-9B9C-73AAD0DC8205}.MinSizeRel|Win32.Build.0 = Release|Win32
		{2DDD40CC-6CE9-483A-9B9C-73AAD0DC8205}.Release|Win32.ActiveCfg = Release|Win32
		{2DDD40CC-6CE9-483A-9B9C-73AAD0DC8205}.Release|Win32.Build.0 = Release|Win32
		{2DDD40CC-6CE9-483A-9B9C-73AAD0DC8205}.RelWithDebInfo|Win32.ActiveCfg = Release|Win32
		{2DDD40CC-6CE9-483A-9B9C-73AAD0DC8205}.RelWithDebInfo|Win32.Build.0 = Release|Win32
		{E36F8B21-73DF-4CE8-B8B3-2557C18F9EDE}.Debug|Win32.ActiveCfg = Debug|Win32
		{E36F8B21-73DF-4CE8-B8B3-2557C18F9EDE}.Debug|Win32.Build.0 = Debug|Win32
		{E36F8B21-73DF-4CE8-B8B3-2557C18F9EDE}.MinSizeRel|Win32.ActiveCfg = Release|Win32
		{E36F8B21-73DF-4CE8-B8B3-2557C18F9EDE}.MinSizeRel|Win32.Build.0 = Release|Win32
		{E36F8B21-73DF-4CE8-B8B3-2557C18F9EDE}.Release|Win32.ActiveCfg = Release|Win32
		{E36F8B21-73DF-4CE8-B8B3-2557C18F9EDE}.Release|Win32.Build.0 = Release|Win32
		{E36F8B21-73DF-4CE8-B8B3-2557C18F9EDE}.RelWithDebInfo|Win32.ActiveCfg = Release|Win32
		{E36F8B21-73DF-4CE8-B8B3-2557C18F9EDE}.RelWithDebInfo|Win32.Build.0 = Release|Win32
		{D352DA0A-0D71-491D-9363-3276B443B168}.Debug|Win32.ActiveCfg = Debug|Win32
		{D352DA0A-0D71-491D-9363-3276B443B168}.Debug|Win32.Build.0 = Debug|Win32
		{D352DA0A-0D71-491D-9363-3276B443B168}.MinSizeRel|Win32.ActiveCfg = Release|Win32
		{D352DA0A-0D71-491D-9363-3276B443B168}.MinSizeRel|Win32.Build.0 = Release|Win32
		{D352DA0A-0D71-491D-9363-3276B443B168}.Release|Win32.ActiveCfg = Release|Win32
		{D352DA0A-0D71-491D-9363-3276B443B168}.Release|Win32.Build.0 = Release|Win32
		{D352DA0A-0D71-491D-9363-3276B443B168}.RelWithDebInfo|Win32.ActiveCfg = Release|Win32
		{D352DA0A-0D71-491D-9363-3276B443B168}.RelWithDebInfo|Win32.Build.0 = Release|Win32
		{86571892-0D7A-4178-896B-2A84AB61FEEF}.Debug|Win32.ActiveCfg = Debug|Win32
		{86571892-0D7A-4178-896B-2A84AB61FEEF}.Debug|Win32.Build.0 = Debug|Win32
		{86571892-0D7A-4178-896B-2A84AB61FEEF}.MinSizeRel|Win32.ActiveCfg = Release|Win32
		{86571892-0D7A-4178-896B-2A84AB61FEEF}.MinSizeRel|Win32.Build.0 = Release|Win32
		{86571892-0D7A-4178-896B-2A84AB61FEEF}.Release|Win32.ActiveCfg = Release|Win32
		{86571892-0D7A-4178-896B-2A84AB61FEEF}.Release|Win32.Build.0 = Release|Win32
		{86571892-0D7A-4178-896B-2A84AB61FEEF}.RelWithDebInfo|Win32.ActiveCfg = Release|Win32
		{86571892-0D7A-4178-896B-2A84AB61FEEF}.RelWithDebInfo|Win32.Build.0 = Release|Win32
	EndGlobalSection
	GlobalSection(SolutionProperties) = preSolution
		HideSolutionNode = FALSE
	EndGlobalSection
	GlobalSection(SubversionScc) = preSolution
		Svn-Managed = True
		Manager = AnkhSVN - Subversion Support for Visual Studio
	EndGlobalSection
EndGlobal
