<?xml version="1.0" encoding="utf-8"?>
<Project ToolsVersion="4.0" xmlns="http://schemas.microsoft.com/developer/msbuild/2003">
  <ItemGroup>
    <Filter Include="Source Files">
      <UniqueIdentifier>{0a96c3d4-021e-430a-920e-3b7f80db105a}</UniqueIdentifier>
    </Filter>
  </ItemGroup>
  <ItemGroup>
    <ClCompile Include="dcmprscu.cxx">
      <Filter>Source Files</Filter>
    </ClCompile>
  </ItemGroup>
</Project>