<?xml version="1.0" encoding="utf-8"?>
<Project ToolsVersion="4.0" xmlns="http://schemas.microsoft.com/developer/msbuild/2003">
  <ItemGroup>
    <Filter Include="Source Files">
      <UniqueIdentifier>{053ee05d-9d27-4700-b052-213f4ff44b41}</UniqueIdentifier>
    </Filter>
    <Filter Include="Header Files">
      <UniqueIdentifier>{47dc2b1f-d0a2-4b9c-9527-c72c7c3cae16}</UniqueIdentifier>
    </Filter>
  </ItemGroup>
  <ItemGroup>
    <ClCompile Include="diargimg.cxx">
      <Filter>Source Files</Filter>
    </ClCompile>
    <ClCompile Include="dicmyimg.cxx">
      <Filter>Source Files</Filter>
    </ClCompile>
    <ClCompile Include="dicoimg.cxx">
      <Filter>Source Files</Filter>
    </ClCompile>
    <ClCompile Include="dicoopx.cxx">
      <Filter>Source Files</Filter>
    </ClCompile>
    <ClCompile Include="dicopx.cxx">
      <Filter>Source Files</Filter>
    </ClCompile>
    <ClCompile Include="dihsvimg.cxx">
      <Filter>Source Files</Filter>
    </ClCompile>
    <ClCompile Include="dipalimg.cxx">
      <Filter>Source Files</Filter>
    </ClCompile>
    <ClCompile Include="dipipng.cxx">
      <Filter>Source Files</Filter>
    </ClCompile>
    <ClCompile Include="dipitiff.cxx">
      <Filter>Source Files</Filter>
    </ClCompile>
    <ClCompile Include="diqtctab.cxx">
      <Filter>Source Files</Filter>
    </ClCompile>
    <ClCompile Include="diqtfs.cxx">
      <Filter>Source Files</Filter>
    </ClCompile>
    <ClCompile Include="diqthash.cxx">
      <Filter>Source Files</Filter>
    </ClCompile>
    <ClCompile Include="diqthitl.cxx">
      <Filter>Source Files</Filter>
    </ClCompile>
    <ClCompile Include="diqtpbox.cxx">
      <Filter>Source Files</Filter>
    </ClCompile>
    <ClCompile Include="diquant.cxx">
      <Filter>Source Files</Filter>
    </ClCompile>
    <ClCompile Include="diregist.cxx">
      <Filter>Source Files</Filter>
    </ClCompile>
    <ClCompile Include="dirgbimg.cxx">
      <Filter>Source Files</Filter>
    </ClCompile>
    <ClCompile Include="diybrimg.cxx">
      <Filter>Source Files</Filter>
    </ClCompile>
    <ClCompile Include="diyf2img.cxx">
      <Filter>Source Files</Filter>
    </ClCompile>
    <ClCompile Include="diyp2img.cxx">
      <Filter>Source Files</Filter>
    </ClCompile>
  </ItemGroup>
  <ItemGroup>
    <ClInclude Include="..\include\dcmtk\dcmimage\diargimg.h">
      <Filter>Header Files</Filter>
    </ClInclude>
    <ClInclude Include="..\include\dcmtk\dcmimage\diargpxt.h">
      <Filter>Header Files</Filter>
    </ClInclude>
    <ClInclude Include="..\include\dcmtk\dcmimage\dicmyimg.h">
      <Filter>Header Files</Filter>
    </ClInclude>
    <ClInclude Include="..\include\dcmtk\dcmimage\dicmypxt.h">
      <Filter>Header Files</Filter>
    </ClInclude>
    <ClInclude Include="..\include\dcmtk\dcmimage\dicocpt.h">
      <Filter>Header Files</Filter>
    </ClInclude>
    <ClInclude Include="..\include\dcmtk\dcmimage\dicoflt.h">
      <Filter>Header Files</Filter>
    </ClInclude>
    <ClInclude Include="..\include\dcmtk\dcmimage\dicoimg.h">
      <Filter>Header Files</Filter>
    </ClInclude>
    <ClInclude Include="..\include\dcmtk\dcmimage\dicomot.h">
      <Filter>Header Files</Filter>
    </ClInclude>
    <ClInclude Include="..\include\dcmtk\dcmimage\dicoopx.h">
      <Filter>Header Files</Filter>
    </ClInclude>
    <ClInclude Include="..\include\dcmtk\dcmimage\dicoopxt.h">
      <Filter>Header Files</Filter>
    </ClInclude>
    <ClInclude Include="..\include\dcmtk\dcmimage\dicopx.h">
      <Filter>Header Files</Filter>
    </ClInclude>
    <ClInclude Include="..\include\dcmtk\dcmimage\dicopxt.h">
      <Filter>Header Files</Filter>
    </ClInclude>
    <ClInclude Include="..\include\dcmtk\dcmimage\dicorot.h">
      <Filter>Header Files</Filter>
    </ClInclude>
    <ClInclude Include="..\include\dcmtk\dcmimage\dicosct.h">
      <Filter>Header Files</Filter>
    </ClInclude>
    <ClInclude Include="..\include\dcmtk\dcmimage\dihsvimg.h">
      <Filter>Header Files</Filter>
    </ClInclude>
    <ClInclude Include="..\include\dcmtk\dcmimage\dihsvpxt.h">
      <Filter>Header Files</Filter>
    </ClInclude>
    <ClInclude Include="..\include\dcmtk\dcmimage\dipalimg.h">
      <Filter>Header Files</Filter>
    </ClInclude>
    <ClInclude Include="..\include\dcmtk\dcmimage\dipalpxt.h">
      <Filter>Header Files</Filter>
    </ClInclude>
    <ClInclude Include="..\include\dcmtk\dcmimage\dipipng.h">
      <Filter>Header Files</Filter>
    </ClInclude>
    <ClInclude Include="..\include\dcmtk\dcmimage\dipitiff.h">
      <Filter>Header Files</Filter>
    </ClInclude>
    <ClInclude Include="..\include\dcmtk\dcmimage\diqtcmap.h">
      <Filter>Header Files</Filter>
    </ClInclude>
    <ClInclude Include="..\include\dcmtk\dcmimage\diqtctab.h">
      <Filter>Header Files</Filter>
    </ClInclude>
    <ClInclude Include="..\include\dcmtk\dcmimage\diqtfs.h">
      <Filter>Header Files</Filter>
    </ClInclude>
    <ClInclude Include="..\include\dcmtk\dcmimage\diqthash.h">
      <Filter>Header Files</Filter>
    </ClInclude>
    <ClInclude Include="..\include\dcmtk\dcmimage\diqthitl.h">
      <Filter>Header Files</Filter>
    </ClInclude>
    <ClInclude Include="..\include\dcmtk\dcmimage\diqthitm.h">
      <Filter>Header Files</Filter>
    </ClInclude>
    <ClInclude Include="..\include\dcmtk\dcmimage\diqtid.h">
      <Filter>Header Files</Filter>
    </ClInclude>
    <ClInclude Include="..\include\dcmtk\dcmimage\diqtpbox.h">
      <Filter>Header Files</Filter>
    </ClInclude>
    <ClInclude Include="..\include\dcmtk\dcmimage\diqtpix.h">
      <Filter>Header Files</Filter>
    </ClInclude>
    <ClInclude Include="..\include\dcmtk\dcmimage\diqtstab.h">
      <Filter>Header Files</Filter>
    </ClInclude>
    <ClInclude Include="..\include\dcmtk\dcmimage\diqttype.h">
      <Filter>Header Files</Filter>
    </ClInclude>
    <ClInclude Include="..\include\dcmtk\dcmimage\diquant.h">
      <Filter>Header Files</Filter>
    </ClInclude>
    <ClInclude Include="..\include\dcmtk\dcmimage\diregist.h">
      <Filter>Header Files</Filter>
    </ClInclude>
    <ClInclude Include="..\include\dcmtk\dcmimage\dirgbimg.h">
      <Filter>Header Files</Filter>
    </ClInclude>
    <ClInclude Include="..\include\dcmtk\dcmimage\dirgbpxt.h">
      <Filter>Header Files</Filter>
    </ClInclude>
    <ClInclude Include="..\include\dcmtk\dcmimage\diybrimg.h">
      <Filter>Header Files</Filter>
    </ClInclude>
    <ClInclude Include="..\include\dcmtk\dcmimage\diybrpxt.h">
      <Filter>Header Files</Filter>
    </ClInclude>
    <ClInclude Include="..\include\dcmtk\dcmimage\diyf2img.h">
      <Filter>Header Files</Filter>
    </ClInclude>
    <ClInclude Include="..\include\dcmtk\dcmimage\diyf2pxt.h">
      <Filter>Header Files</Filter>
    </ClInclude>
    <ClInclude Include="..\include\dcmtk\dcmimage\diyp2img.h">
      <Filter>Header Files</Filter>
    </ClInclude>
    <ClInclude Include="..\include\dcmtk\dcmimage\diyp2pxt.h">
      <Filter>Header Files</Filter>
    </ClInclude>
  </ItemGroup>
</Project>