<?xml version="1.0" encoding="utf-8"?>
<Project ToolsVersion="4.0" xmlns="http://schemas.microsoft.com/developer/msbuild/2003">
  <ItemGroup>
    <Filter Include="Source Files">
      <UniqueIdentifier>{11baa4ea-a2d5-4e2f-b2ca-e8dd2f9393ca}</UniqueIdentifier>
    </Filter>
    <Filter Include="Header Files">
      <UniqueIdentifier>{e65212f7-ffd5-4b2d-b4ca-4501310761db}</UniqueIdentifier>
    </Filter>
  </ItemGroup>
  <ItemGroup>
    <ClCompile Include="assoc.cxx">
      <Filter>Source Files</Filter>
    </ClCompile>
    <ClCompile Include="cond.cxx">
      <Filter>Source Files</Filter>
    </ClCompile>
    <ClCompile Include="dcasccff.cxx">
      <Filter>Source Files</Filter>
    </ClCompile>
    <ClCompile Include="dcasccfg.cxx">
      <Filter>Source Files</Filter>
    </ClCompile>
    <ClCompile Include="dccfenmp.cxx">
      <Filter>Source Files</Filter>
    </ClCompile>
    <ClCompile Include="dccfpcmp.cxx">
      <Filter>Source Files</Filter>
    </ClCompile>
    <ClCompile Include="dccfprmp.cxx">
      <Filter>Source Files</Filter>
    </ClCompile>
    <ClCompile Include="dccfrsmp.cxx">
      <Filter>Source Files</Filter>
    </ClCompile>
    <ClCompile Include="dccftsmp.cxx">
      <Filter>Source Files</Filter>
    </ClCompile>
    <ClCompile Include="dccfuidh.cxx">
      <Filter>Source Files</Filter>
    </ClCompile>
    <ClCompile Include="dcmlayer.cxx">
      <Filter>Source Files</Filter>
    </ClCompile>
    <ClCompile Include="dcmtrans.cxx">
      <Filter>Source Files</Filter>
    </ClCompile>
    <ClCompile Include="dcompat.cxx">
      <Filter>Source Files</Filter>
    </ClCompile>
    <ClCompile Include="dimcancl.cxx">
      <Filter>Source Files</Filter>
    </ClCompile>
    <ClCompile Include="dimcmd.cxx">
      <Filter>Source Files</Filter>
    </ClCompile>
    <ClCompile Include="dimdump.cxx">
      <Filter>Source Files</Filter>
    </ClCompile>
    <ClCompile Include="dimecho.cxx">
      <Filter>Source Files</Filter>
    </ClCompile>
    <ClCompile Include="dimfind.cxx">
      <Filter>Source Files</Filter>
    </ClCompile>
    <ClCompile Include="dimget.cxx">
      <Filter>Source Files</Filter>
    </ClCompile>
    <ClCompile Include="dimmove.cxx">
      <Filter>Source Files</Filter>
    </ClCompile>
    <ClCompile Include="dimse.cxx">
      <Filter>Source Files</Filter>
    </ClCompile>
    <ClCompile Include="dimstore.cxx">
      <Filter>Source Files</Filter>
    </ClCompile>
    <ClCompile Include="diutil.cxx">
      <Filter>Source Files</Filter>
    </ClCompile>
    <ClCompile Include="dul.cxx">
      <Filter>Source Files</Filter>
    </ClCompile>
    <ClCompile Include="dulconst.cxx">
      <Filter>Source Files</Filter>
    </ClCompile>
    <ClCompile Include="dulextra.cxx">
      <Filter>Source Files</Filter>
    </ClCompile>
    <ClCompile Include="dulfsm.cxx">
      <Filter>Source Files</Filter>
    </ClCompile>
    <ClCompile Include="dulparse.cxx">
      <Filter>Source Files</Filter>
    </ClCompile>
    <ClCompile Include="dulpres.cxx">
      <Filter>Source Files</Filter>
    </ClCompile>
    <ClCompile Include="extneg.cxx">
      <Filter>Source Files</Filter>
    </ClCompile>
    <ClCompile Include="lst.cxx">
      <Filter>Source Files</Filter>
    </ClCompile>
    <ClCompile Include="pacs.cpp">
      <Filter>Source Files</Filter>
    </ClCompile>
  </ItemGroup>
  <ItemGroup>
    <ClInclude Include="..\include\dcmtk\dcmnet\assoc.h">
      <Filter>Header Files</Filter>
    </ClInclude>
    <ClInclude Include="..\include\dcmtk\dcmnet\cond.h">
      <Filter>Header Files</Filter>
    </ClInclude>
    <ClInclude Include="..\include\dcmtk\dcmnet\dcasccff.h">
      <Filter>Header Files</Filter>
    </ClInclude>
    <ClInclude Include="..\include\dcmtk\dcmnet\dcasccfg.h">
      <Filter>Header Files</Filter>
    </ClInclude>
    <ClInclude Include="..\include\dcmtk\dcmnet\dccfenmp.h">
      <Filter>Header Files</Filter>
    </ClInclude>
    <ClInclude Include="..\include\dcmtk\dcmnet\dccfpcmp.h">
      <Filter>Header Files</Filter>
    </ClInclude>
    <ClInclude Include="..\include\dcmtk\dcmnet\dccfprmp.h">
      <Filter>Header Files</Filter>
    </ClInclude>
    <ClInclude Include="..\include\dcmtk\dcmnet\dccfrsmp.h">
      <Filter>Header Files</Filter>
    </ClInclude>
    <ClInclude Include="..\include\dcmtk\dcmnet\dccftsmp.h">
      <Filter>Header Files</Filter>
    </ClInclude>
    <ClInclude Include="..\include\dcmtk\dcmnet\dccfuidh.h">
      <Filter>Header Files</Filter>
    </ClInclude>
    <ClInclude Include="..\include\dcmtk\dcmnet\dcmlayer.h">
      <Filter>Header Files</Filter>
    </ClInclude>
    <ClInclude Include="..\include\dcmtk\dcmnet\dcmsmap.h">
      <Filter>Header Files</Filter>
    </ClInclude>
    <ClInclude Include="..\include\dcmtk\dcmnet\dcmtrans.h">
      <Filter>Header Files</Filter>
    </ClInclude>
    <ClInclude Include="..\include\dcmtk\dcmnet\dcompat.h">
      <Filter>Header Files</Filter>
    </ClInclude>
    <ClInclude Include="..\include\dcmtk\dcmnet\dicom.h">
      <Filter>Header Files</Filter>
    </ClInclude>
    <ClInclude Include="dimcmd.h">
      <Filter>Header Files</Filter>
    </ClInclude>
    <ClInclude Include="..\include\dcmtk\dcmnet\dimse.h">
      <Filter>Header Files</Filter>
    </ClInclude>
    <ClInclude Include="..\include\dcmtk\dcmnet\diutil.h">
      <Filter>Header Files</Filter>
    </ClInclude>
    <ClInclude Include="..\include\dcmtk\dcmnet\dul.h">
      <Filter>Header Files</Filter>
    </ClInclude>
    <ClInclude Include="dulfsm.h">
      <Filter>Header Files</Filter>
    </ClInclude>
    <ClInclude Include="dulpriv.h">
      <Filter>Header Files</Filter>
    </ClInclude>
    <ClInclude Include="dulstruc.h">
      <Filter>Header Files</Filter>
    </ClInclude>
    <ClInclude Include="..\include\dcmtk\dcmnet\extneg.h">
      <Filter>Header Files</Filter>
    </ClInclude>
    <ClInclude Include="..\include\dcmtk\dcmnet\lst.h">
      <Filter>Header Files</Filter>
    </ClInclude>
  </ItemGroup>
</Project>