<?xml version="1.0" encoding="utf-8"?>
<Project ToolsVersion="4.0" xmlns="http://schemas.microsoft.com/developer/msbuild/2003">
  <ItemGroup>
    <Filter Include="源文件">
      <UniqueIdentifier>{4FC737F1-C7A5-4376-A066-2A32D752A2FF}</UniqueIdentifier>
      <Extensions>cpp;c;cc;cxx;def;odl;idl;hpj;bat;asm;asmx</Extensions>
    </Filter>
    <Filter Include="头文件">
      <UniqueIdentifier>{93995380-89BD-4b04-88EB-625FBE52EBFB}</UniqueIdentifier>
      <Extensions>h;hpp;hxx;hm;inl;inc;xsd</Extensions>
    </Filter>
    <Filter Include="资源文件">
      <UniqueIdentifier>{67DA6AB6-F800-4c08-8B7A-83BB121AAD01}</UniqueIdentifier>
      <Extensions>rc;ico;cur;bmp;dlg;rc2;rct;bin;rgs;gif;jpg;jpeg;jpe;resx;tiff;tif;png;wav</Extensions>
    </Filter>
    <Filter Include="web">
      <UniqueIdentifier>{83ba2fa4-8580-46f1-a58d-250dfefd5844}</UniqueIdentifier>
    </Filter>
    <Filter Include="web\scripts">
      <UniqueIdentifier>{245c2302-94ff-48e2-8d46-6414418ab56f}</UniqueIdentifier>
    </Filter>
    <Filter Include="web\xslt">
      <UniqueIdentifier>{09a33f1a-e845-4150-9335-a2c259058eac}</UniqueIdentifier>
    </Filter>
  </ItemGroup>
  <ItemGroup>
    <ClCompile Include="coordinator.cpp">
      <Filter>源文件</Filter>
    </ClCompile>
    <ClCompile Include="ServiceWrapper.cpp">
      <Filter>源文件</Filter>
    </ClCompile>
    <ClCompile Include="stdafx.cpp">
      <Filter>源文件</Filter>
    </ClCompile>
    <ClCompile Include="msmq.cpp">
      <Filter>源文件</Filter>
    </ClCompile>
    <ClCompile Include="msmq_security.cpp">
      <Filter>源文件</Filter>
    </ClCompile>
    <ClCompile Include="deleteStudy.cpp">
      <Filter>源文件</Filter>
    </ClCompile>
  </ItemGroup>
  <ItemGroup>
    <ClInclude Include="stdafx.h">
      <Filter>头文件</Filter>
    </ClInclude>
    <ClInclude Include="targetver.h">
      <Filter>头文件</Filter>
    </ClInclude>
  </ItemGroup>
  <ItemGroup>
    <None Include="ReadMe.txt" />
    <None Include="web\index.htm">
      <Filter>web</Filter>
    </None>
    <None Include="web\scripts\charhash.js">
      <Filter>web\scripts</Filter>
    </None>
    <None Include="web\scripts\jquery.ui.datepicker-zh-CN.js">
      <Filter>web\scripts</Filter>
    </None>
    <None Include="web\xslt\dayrec.xsl">
      <Filter>web\xslt</Filter>
    </None>
    <None Include="web\xslt\mktext.xsl">
      <Filter>web\xslt</Filter>
    </None>
    <None Include="web\xslt\receive.xsl">
      <Filter>web\xslt</Filter>
    </None>
    <None Include="web\xslt\status.xsl">
      <Filter>web\xslt</Filter>
    </None>
    <None Include="web\xslt\job.xsl">
      <Filter>web\xslt</Filter>
    </None>
    <None Include="web\xslt\charge.xsl">
      <Filter>web\xslt</Filter>
    </None>
    <None Include="web\xslt\color.xsl">
      <Filter>web\xslt</Filter>
    </None>
  </ItemGroup>
  <ItemGroup>
    <Xsd Include="web\xslt\wado_query.xsd">
      <Filter>web\xslt</Filter>
    </Xsd>
  </ItemGroup>
</Project>