<?xml version="1.0" encoding="utf-8"?>
<Project ToolsVersion="4.0" xmlns="http://schemas.microsoft.com/developer/msbuild/2003">
  <ItemGroup>
    <Filter Include="Source Files">
      <UniqueIdentifier>{af3b03f4-225b-453d-80d7-4898c8057a46}</UniqueIdentifier>
    </Filter>
    <Filter Include="Header Files">
      <UniqueIdentifier>{5edcca03-74ce-4fef-b15b-d1f976382dca}</UniqueIdentifier>
    </Filter>
  </ItemGroup>
  <ItemGroup>
    <ClCompile Include="dcmqrscp.cxx">
      <Filter>Source Files</Filter>
    </ClCompile>
    <ClCompile Include="dcmqrdbx.cpp">
      <Filter>Source Files</Filter>
    </ClCompile>
    <ClCompile Include="..\..\ServiceWrapper\named_pipe_listener.cpp">
      <Filter>Source Files</Filter>
    </ClCompile>
    <ClCompile Include="..\..\ServiceWrapper\named_pipe_connection.cpp">
      <Filter>Source Files</Filter>
    </ClCompile>
  </ItemGroup>
  <ItemGroup>
    <ClInclude Include="dcmqrdbx.h">
      <Filter>Header Files</Filter>
    </ClInclude>
    <ClInclude Include="..\..\ServiceWrapper\named_pipe_listener.h">
      <Filter>Header Files</Filter>
    </ClInclude>
  </ItemGroup>
</Project>