<?xml version="1.0" encoding="utf-8"?>
<Project ToolsVersion="4.0" xmlns="http://schemas.microsoft.com/developer/msbuild/2003">
  <ItemGroup>
    <Filter Include="Source Files">
      <UniqueIdentifier>{5cf9d9bf-4168-4681-9953-39703f5fc643}</UniqueIdentifier>
    </Filter>
    <Filter Include="Header Files">
      <UniqueIdentifier>{ba6d9910-1f11-44da-ad27-d977af4112f6}</UniqueIdentifier>
    </Filter>
  </ItemGroup>
  <ItemGroup>
    <ClCompile Include="dcmqrcbf.cxx">
      <Filter>Source Files</Filter>
    </ClCompile>
    <ClCompile Include="dcmqrcbg.cxx">
      <Filter>Source Files</Filter>
    </ClCompile>
    <ClCompile Include="dcmqrcbm.cxx">
      <Filter>Source Files</Filter>
    </ClCompile>
    <ClCompile Include="dcmqrcbs.cxx">
      <Filter>Source Files</Filter>
    </ClCompile>
    <ClCompile Include="dcmqrcnf.cxx">
      <Filter>Source Files</Filter>
    </ClCompile>
    <ClCompile Include="dcmqrdbi.cxx">
      <Filter>Source Files</Filter>
    </ClCompile>
    <ClCompile Include="dcmqrdbs.cxx">
      <Filter>Source Files</Filter>
    </ClCompile>
    <ClCompile Include="dcmqropt.cxx">
      <Filter>Source Files</Filter>
    </ClCompile>
    <ClCompile Include="dcmqrptb.cxx">
      <Filter>Source Files</Filter>
    </ClCompile>
    <ClCompile Include="dcmqrsrv.cxx">
      <Filter>Source Files</Filter>
    </ClCompile>
    <ClCompile Include="dcmqrtis.cxx">
      <Filter>Source Files</Filter>
    </ClCompile>
  </ItemGroup>
  <ItemGroup>
    <ClInclude Include="..\include\dcmtk\dcmqrdb\dcmqrcbf.h">
      <Filter>Header Files</Filter>
    </ClInclude>
    <ClInclude Include="..\include\dcmtk\dcmqrdb\dcmqrcbg.h">
      <Filter>Header Files</Filter>
    </ClInclude>
    <ClInclude Include="..\include\dcmtk\dcmqrdb\dcmqrcbm.h">
      <Filter>Header Files</Filter>
    </ClInclude>
    <ClInclude Include="..\include\dcmtk\dcmqrdb\dcmqrcbs.h">
      <Filter>Header Files</Filter>
    </ClInclude>
    <ClInclude Include="..\include\dcmtk\dcmqrdb\dcmqrcnf.h">
      <Filter>Header Files</Filter>
    </ClInclude>
    <ClInclude Include="..\include\dcmtk\dcmqrdb\dcmqrdba.h">
      <Filter>Header Files</Filter>
    </ClInclude>
    <ClInclude Include="..\include\dcmtk\dcmqrdb\dcmqrdbi.h">
      <Filter>Header Files</Filter>
    </ClInclude>
    <ClInclude Include="..\include\dcmtk\dcmqrdb\dcmqrdbs.h">
      <Filter>Header Files</Filter>
    </ClInclude>
    <ClInclude Include="..\include\dcmtk\dcmqrdb\dcmqridx.h">
      <Filter>Header Files</Filter>
    </ClInclude>
    <ClInclude Include="..\include\dcmtk\dcmqrdb\dcmqropt.h">
      <Filter>Header Files</Filter>
    </ClInclude>
    <ClInclude Include="..\include\dcmtk\dcmqrdb\dcmqrptb.h">
      <Filter>Header Files</Filter>
    </ClInclude>
    <ClInclude Include="..\include\dcmtk\dcmqrdb\dcmqrsrv.h">
      <Filter>Header Files</Filter>
    </ClInclude>
    <ClInclude Include="..\include\dcmtk\dcmqrdb\dcmqrtis.h">
      <Filter>Header Files</Filter>
    </ClInclude>
  </ItemGroup>
</Project>