<?xml version="1.0" encoding="utf-8"?>
<Project ToolsVersion="4.0" xmlns="http://schemas.microsoft.com/developer/msbuild/2003">
  <ItemGroup>
    <Filter Include="Source Files">
      <UniqueIdentifier>{916fd7d6-fcdd-4721-83aa-8905adc1fb45}</UniqueIdentifier>
    </Filter>
    <Filter Include="Header Files">
      <UniqueIdentifier>{41ffc1d8-0c88-430a-9d8f-5d381873f777}</UniqueIdentifier>
    </Filter>
  </ItemGroup>
  <ItemGroup>
    <ClCompile Include="dcmpstat.cxx">
      <Filter>Source Files</Filter>
    </ClCompile>
    <ClCompile Include="dviface.cxx">
      <Filter>Source Files</Filter>
    </ClCompile>
    <ClCompile Include="dvpsab.cxx">
      <Filter>Source Files</Filter>
    </ClCompile>
    <ClCompile Include="dvpsabl.cxx">
      <Filter>Source Files</Filter>
    </ClCompile>
    <ClCompile Include="dvpsal.cxx">
      <Filter>Source Files</Filter>
    </ClCompile>
    <ClCompile Include="dvpsall.cxx">
      <Filter>Source Files</Filter>
    </ClCompile>
    <ClCompile Include="dvpscf.cxx">
      <Filter>Source Files</Filter>
    </ClCompile>
    <ClCompile Include="dvpscu.cxx">
      <Filter>Source Files</Filter>
    </ClCompile>
    <ClCompile Include="dvpscul.cxx">
      <Filter>Source Files</Filter>
    </ClCompile>
    <ClCompile Include="dvpsda.cxx">
      <Filter>Source Files</Filter>
    </ClCompile>
    <ClCompile Include="dvpsdal.cxx">
      <Filter>Source Files</Filter>
    </ClCompile>
    <ClCompile Include="dvpsfs.cxx">
      <Filter>Source Files</Filter>
    </ClCompile>
    <ClCompile Include="dvpsga.cxx">
      <Filter>Source Files</Filter>
    </ClCompile>
    <ClCompile Include="dvpsgal.cxx">
      <Filter>Source Files</Filter>
    </ClCompile>
    <ClCompile Include="dvpsgl.cxx">
      <Filter>Source Files</Filter>
    </ClCompile>
    <ClCompile Include="dvpsgll.cxx">
      <Filter>Source Files</Filter>
    </ClCompile>
    <ClCompile Include="dvpsgr.cxx">
      <Filter>Source Files</Filter>
    </ClCompile>
    <ClCompile Include="dvpsgrl.cxx">
      <Filter>Source Files</Filter>
    </ClCompile>
    <ClCompile Include="dvpshlp.cxx">
      <Filter>Source Files</Filter>
    </ClCompile>
    <ClCompile Include="dvpsib.cxx">
      <Filter>Source Files</Filter>
    </ClCompile>
    <ClCompile Include="dvpsibl.cxx">
      <Filter>Source Files</Filter>
    </ClCompile>
    <ClCompile Include="dvpsmsg.cxx">
      <Filter>Source Files</Filter>
    </ClCompile>
    <ClCompile Include="dvpsov.cxx">
      <Filter>Source Files</Filter>
    </ClCompile>
    <ClCompile Include="dvpsovl.cxx">
      <Filter>Source Files</Filter>
    </ClCompile>
    <ClCompile Include="dvpspl.cxx">
      <Filter>Source Files</Filter>
    </ClCompile>
    <ClCompile Include="dvpspl2.cxx">
      <Filter>Source Files</Filter>
    </ClCompile>
    <ClCompile Include="dvpspll.cxx">
      <Filter>Source Files</Filter>
    </ClCompile>
    <ClCompile Include="dvpspr.cxx">
      <Filter>Source Files</Filter>
    </ClCompile>
    <ClCompile Include="dvpsprt.cxx">
      <Filter>Source Files</Filter>
    </ClCompile>
    <ClCompile Include="dvpsri.cxx">
      <Filter>Source Files</Filter>
    </ClCompile>
    <ClCompile Include="dvpsril.cxx">
      <Filter>Source Files</Filter>
    </ClCompile>
    <ClCompile Include="dvpsrs.cxx">
      <Filter>Source Files</Filter>
    </ClCompile>
    <ClCompile Include="dvpsrsl.cxx">
      <Filter>Source Files</Filter>
    </ClCompile>
    <ClCompile Include="dvpssp.cxx">
      <Filter>Source Files</Filter>
    </ClCompile>
    <ClCompile Include="dvpsspl.cxx">
      <Filter>Source Files</Filter>
    </ClCompile>
    <ClCompile Include="dvpssv.cxx">
      <Filter>Source Files</Filter>
    </ClCompile>
    <ClCompile Include="dvpssvl.cxx">
      <Filter>Source Files</Filter>
    </ClCompile>
    <ClCompile Include="dvpstat.cxx">
      <Filter>Source Files</Filter>
    </ClCompile>
    <ClCompile Include="dvpstx.cxx">
      <Filter>Source Files</Filter>
    </ClCompile>
    <ClCompile Include="dvpstxl.cxx">
      <Filter>Source Files</Filter>
    </ClCompile>
    <ClCompile Include="dvpsvl.cxx">
      <Filter>Source Files</Filter>
    </ClCompile>
    <ClCompile Include="dvpsvll.cxx">
      <Filter>Source Files</Filter>
    </ClCompile>
    <ClCompile Include="dvpsvw.cxx">
      <Filter>Source Files</Filter>
    </ClCompile>
    <ClCompile Include="dvpsvwl.cxx">
      <Filter>Source Files</Filter>
    </ClCompile>
    <ClCompile Include="dvsighdl.cxx">
      <Filter>Source Files</Filter>
    </ClCompile>
    <ClCompile Include="..\apps\vrscan.cxx">
      <Filter>Source Files</Filter>
    </ClCompile>
  </ItemGroup>
  <ItemGroup>
    <ClInclude Include="..\include\dcmtk\dcmpstat\dcmpstat.h">
      <Filter>Header Files</Filter>
    </ClInclude>
    <ClInclude Include="..\include\dcmtk\dcmpstat\dvcache.h">
      <Filter>Header Files</Filter>
    </ClInclude>
    <ClInclude Include="..\include\dcmtk\dcmpstat\dviface.h">
      <Filter>Header Files</Filter>
    </ClInclude>
    <ClInclude Include="..\include\dcmtk\dcmpstat\dvpsab.h">
      <Filter>Header Files</Filter>
    </ClInclude>
    <ClInclude Include="..\include\dcmtk\dcmpstat\dvpsabl.h">
      <Filter>Header Files</Filter>
    </ClInclude>
    <ClInclude Include="..\include\dcmtk\dcmpstat\dvpsal.h">
      <Filter>Header Files</Filter>
    </ClInclude>
    <ClInclude Include="..\include\dcmtk\dcmpstat\dvpsall.h">
      <Filter>Header Files</Filter>
    </ClInclude>
    <ClInclude Include="..\include\dcmtk\dcmpstat\dvpscf.h">
      <Filter>Header Files</Filter>
    </ClInclude>
    <ClInclude Include="..\include\dcmtk\dcmpstat\dvpscu.h">
      <Filter>Header Files</Filter>
    </ClInclude>
    <ClInclude Include="..\include\dcmtk\dcmpstat\dvpscul.h">
      <Filter>Header Files</Filter>
    </ClInclude>
    <ClInclude Include="..\include\dcmtk\dcmpstat\dvpsda.h">
      <Filter>Header Files</Filter>
    </ClInclude>
    <ClInclude Include="..\include\dcmtk\dcmpstat\dvpsdal.h">
      <Filter>Header Files</Filter>
    </ClInclude>
    <ClInclude Include="..\include\dcmtk\dcmpstat\dvpsdef.h">
      <Filter>Header Files</Filter>
    </ClInclude>
    <ClInclude Include="..\include\dcmtk\dcmpstat\dvpsfs.h">
      <Filter>Header Files</Filter>
    </ClInclude>
    <ClInclude Include="..\include\dcmtk\dcmpstat\dvpsga.h">
      <Filter>Header Files</Filter>
    </ClInclude>
    <ClInclude Include="..\include\dcmtk\dcmpstat\dvpsgal.h">
      <Filter>Header Files</Filter>
    </ClInclude>
    <ClInclude Include="..\include\dcmtk\dcmpstat\dvpsgl.h">
      <Filter>Header Files</Filter>
    </ClInclude>
    <ClInclude Include="..\include\dcmtk\dcmpstat\dvpsgll.h">
      <Filter>Header Files</Filter>
    </ClInclude>
    <ClInclude Include="..\include\dcmtk\dcmpstat\dvpsgr.h">
      <Filter>Header Files</Filter>
    </ClInclude>
    <ClInclude Include="..\include\dcmtk\dcmpstat\dvpsgrl.h">
      <Filter>Header Files</Filter>
    </ClInclude>
    <ClInclude Include="..\include\dcmtk\dcmpstat\dvpshlp.h">
      <Filter>Header Files</Filter>
    </ClInclude>
    <ClInclude Include="..\include\dcmtk\dcmpstat\dvpsib.h">
      <Filter>Header Files</Filter>
    </ClInclude>
    <ClInclude Include="..\include\dcmtk\dcmpstat\dvpsibl.h">
      <Filter>Header Files</Filter>
    </ClInclude>
    <ClInclude Include="..\include\dcmtk\dcmpstat\dvpsmsg.h">
      <Filter>Header Files</Filter>
    </ClInclude>
    <ClInclude Include="..\include\dcmtk\dcmpstat\dvpsov.h">
      <Filter>Header Files</Filter>
    </ClInclude>
    <ClInclude Include="..\include\dcmtk\dcmpstat\dvpsovl.h">
      <Filter>Header Files</Filter>
    </ClInclude>
    <ClInclude Include="..\include\dcmtk\dcmpstat\dvpspl.h">
      <Filter>Header Files</Filter>
    </ClInclude>
    <ClInclude Include="..\include\dcmtk\dcmpstat\dvpspll.h">
      <Filter>Header Files</Filter>
    </ClInclude>
    <ClInclude Include="..\include\dcmtk\dcmpstat\dvpspr.h">
      <Filter>Header Files</Filter>
    </ClInclude>
    <ClInclude Include="..\include\dcmtk\dcmpstat\dvpsprt.h">
      <Filter>Header Files</Filter>
    </ClInclude>
    <ClInclude Include="..\include\dcmtk\dcmpstat\dvpsri.h">
      <Filter>Header Files</Filter>
    </ClInclude>
    <ClInclude Include="..\include\dcmtk\dcmpstat\dvpsril.h">
      <Filter>Header Files</Filter>
    </ClInclude>
    <ClInclude Include="..\include\dcmtk\dcmpstat\dvpsrs.h">
      <Filter>Header Files</Filter>
    </ClInclude>
    <ClInclude Include="..\include\dcmtk\dcmpstat\dvpsrsl.h">
      <Filter>Header Files</Filter>
    </ClInclude>
    <ClInclude Include="..\include\dcmtk\dcmpstat\dvpssp.h">
      <Filter>Header Files</Filter>
    </ClInclude>
    <ClInclude Include="..\include\dcmtk\dcmpstat\dvpsspl.h">
      <Filter>Header Files</Filter>
    </ClInclude>
    <ClInclude Include="..\include\dcmtk\dcmpstat\dvpssv.h">
      <Filter>Header Files</Filter>
    </ClInclude>
    <ClInclude Include="..\include\dcmtk\dcmpstat\dvpssvl.h">
      <Filter>Header Files</Filter>
    </ClInclude>
    <ClInclude Include="..\include\dcmtk\dcmpstat\dvpstat.h">
      <Filter>Header Files</Filter>
    </ClInclude>
    <ClInclude Include="..\include\dcmtk\dcmpstat\dvpstx.h">
      <Filter>Header Files</Filter>
    </ClInclude>
    <ClInclude Include="..\include\dcmtk\dcmpstat\dvpstxl.h">
      <Filter>Header Files</Filter>
    </ClInclude>
    <ClInclude Include="..\include\dcmtk\dcmpstat\dvpstyp.h">
      <Filter>Header Files</Filter>
    </ClInclude>
    <ClInclude Include="..\include\dcmtk\dcmpstat\dvpsvl.h">
      <Filter>Header Files</Filter>
    </ClInclude>
    <ClInclude Include="..\include\dcmtk\dcmpstat\dvpsvll.h">
      <Filter>Header Files</Filter>
    </ClInclude>
    <ClInclude Include="..\include\dcmtk\dcmpstat\dvpsvw.h">
      <Filter>Header Files</Filter>
    </ClInclude>
    <ClInclude Include="..\include\dcmtk\dcmpstat\dvpsvwl.h">
      <Filter>Header Files</Filter>
    </ClInclude>
    <ClInclude Include="..\include\dcmtk\dcmpstat\dvsighdl.h">
      <Filter>Header Files</Filter>
    </ClInclude>
    <ClInclude Include="..\apps\vrscan.h">
      <Filter>Header Files</Filter>
    </ClInclude>
  </ItemGroup>
</Project>