<?xml version="1.0" encoding="utf-8"?>
<Project ToolsVersion="4.0" xmlns="http://schemas.microsoft.com/developer/msbuild/2003">
  <ItemGroup>
    <Filter Include="Source Files">
      <UniqueIdentifier>{aceb06f4-2bb7-48cf-b93c-0d41ddaf9e53}</UniqueIdentifier>
    </Filter>
  </ItemGroup>
  <ItemGroup>
    <ClCompile Include="dsr2html.cxx">
      <Filter>Source Files</Filter>
    </ClCompile>
  </ItemGroup>
</Project>