<?xml version="1.0" encoding="utf-8"?>
<Project ToolsVersion="4.0" xmlns="http://schemas.microsoft.com/developer/msbuild/2003">
  <ItemGroup>
    <Filter Include="Source Files">
      <UniqueIdentifier>{9c64e8dd-044c-4334-aeb1-9837be010dbd}</UniqueIdentifier>
    </Filter>
    <Filter Include="Header Files">
      <UniqueIdentifier>{6db5952d-537b-40df-9a3f-faa82d3699d4}</UniqueIdentifier>
    </Filter>
  </ItemGroup>
  <ItemGroup>
    <ClCompile Include="tlslayer.cxx">
      <Filter>Source Files</Filter>
    </ClCompile>
    <ClCompile Include="tlstrans.cxx">
      <Filter>Source Files</Filter>
    </ClCompile>
  </ItemGroup>
  <ItemGroup>
    <ClInclude Include="..\include\dcmtk\dcmtls\tlslayer.h">
      <Filter>Header Files</Filter>
    </ClInclude>
    <ClInclude Include="..\include\dcmtk\dcmtls\tlstrans.h">
      <Filter>Header Files</Filter>
    </ClInclude>
  </ItemGroup>
</Project>