<?xml version="1.0" encoding="utf-8"?>
<Project ToolsVersion="4.0" xmlns="http://schemas.microsoft.com/developer/msbuild/2003">
  <ItemGroup>
    <Filter Include="Source Files">
      <UniqueIdentifier>{925e75e3-b2ef-4368-83d4-9f55ffdb7b56}</UniqueIdentifier>
    </Filter>
    <Filter Include="Header Files">
      <UniqueIdentifier>{ec971548-a821-4de5-a08d-665db153abe3}</UniqueIdentifier>
    </Filter>
  </ItemGroup>
  <ItemGroup>
    <ClCompile Include="cmdlnarg.cxx">
      <Filter>Source Files</Filter>
    </ClCompile>
    <ClCompile Include="dcbytstr.cxx">
      <Filter>Source Files</Filter>
    </ClCompile>
    <ClCompile Include="dcchrstr.cxx">
      <Filter>Source Files</Filter>
    </ClCompile>
    <ClCompile Include="dccodec.cxx">
      <Filter>Source Files</Filter>
    </ClCompile>
    <ClCompile Include="dcdatset.cxx">
      <Filter>Source Files</Filter>
    </ClCompile>
    <ClCompile Include="dcddirif.cxx">
      <Filter>Source Files</Filter>
    </ClCompile>
    <ClCompile Include="dcdebug.cxx">
      <Filter>Source Files</Filter>
    </ClCompile>
    <ClCompile Include="dcdicdir.cxx">
      <Filter>Source Files</Filter>
    </ClCompile>
    <ClCompile Include="dcdicent.cxx">
      <Filter>Source Files</Filter>
    </ClCompile>
    <ClCompile Include="dcdict.cxx">
      <Filter>Source Files</Filter>
    </ClCompile>
    <ClCompile Include="dcdictzz.cxx">
      <Filter>Source Files</Filter>
    </ClCompile>
    <ClCompile Include="dcdirrec.cxx">
      <Filter>Source Files</Filter>
    </ClCompile>
    <ClCompile Include="dcelem.cxx">
      <Filter>Source Files</Filter>
    </ClCompile>
    <ClCompile Include="dcerror.cxx">
      <Filter>Source Files</Filter>
    </ClCompile>
    <ClCompile Include="dcfilefo.cxx">
      <Filter>Source Files</Filter>
    </ClCompile>
    <ClCompile Include="dchashdi.cxx">
      <Filter>Source Files</Filter>
    </ClCompile>
    <ClCompile Include="dcistrma.cxx">
      <Filter>Source Files</Filter>
    </ClCompile>
    <ClCompile Include="dcistrmb.cxx">
      <Filter>Source Files</Filter>
    </ClCompile>
    <ClCompile Include="dcistrmf.cxx">
      <Filter>Source Files</Filter>
    </ClCompile>
    <ClCompile Include="dcistrmz.cxx">
      <Filter>Source Files</Filter>
    </ClCompile>
    <ClCompile Include="dcitem.cxx">
      <Filter>Source Files</Filter>
    </ClCompile>
    <ClCompile Include="dclist.cxx">
      <Filter>Source Files</Filter>
    </ClCompile>
    <ClCompile Include="dcmetinf.cxx">
      <Filter>Source Files</Filter>
    </ClCompile>
    <ClCompile Include="dcobject.cxx">
      <Filter>Source Files</Filter>
    </ClCompile>
    <ClCompile Include="dcostrma.cxx">
      <Filter>Source Files</Filter>
    </ClCompile>
    <ClCompile Include="dcostrmb.cxx">
      <Filter>Source Files</Filter>
    </ClCompile>
    <ClCompile Include="dcostrmf.cxx">
      <Filter>Source Files</Filter>
    </ClCompile>
    <ClCompile Include="dcostrmz.cxx">
      <Filter>Source Files</Filter>
    </ClCompile>
    <ClCompile Include="dcpcache.cxx">
      <Filter>Source Files</Filter>
    </ClCompile>
    <ClCompile Include="dcpixel.cxx">
      <Filter>Source Files</Filter>
    </ClCompile>
    <ClCompile Include="dcpixseq.cxx">
      <Filter>Source Files</Filter>
    </ClCompile>
    <ClCompile Include="dcpxitem.cxx">
      <Filter>Source Files</Filter>
    </ClCompile>
    <ClCompile Include="dcrleccd.cxx">
      <Filter>Source Files</Filter>
    </ClCompile>
    <ClCompile Include="dcrlecce.cxx">
      <Filter>Source Files</Filter>
    </ClCompile>
    <ClCompile Include="dcrlecp.cxx">
      <Filter>Source Files</Filter>
    </ClCompile>
    <ClCompile Include="dcrledrg.cxx">
      <Filter>Source Files</Filter>
    </ClCompile>
    <ClCompile Include="dcrleerg.cxx">
      <Filter>Source Files</Filter>
    </ClCompile>
    <ClCompile Include="dcrlerp.cxx">
      <Filter>Source Files</Filter>
    </ClCompile>
    <ClCompile Include="dcsequen.cxx">
      <Filter>Source Files</Filter>
    </ClCompile>
    <ClCompile Include="dcstack.cxx">
      <Filter>Source Files</Filter>
    </ClCompile>
    <ClCompile Include="dcswap.cxx">
      <Filter>Source Files</Filter>
    </ClCompile>
    <ClCompile Include="dctag.cxx">
      <Filter>Source Files</Filter>
    </ClCompile>
    <ClCompile Include="dctagkey.cxx">
      <Filter>Source Files</Filter>
    </ClCompile>
    <ClCompile Include="dctypes.cxx">
      <Filter>Source Files</Filter>
    </ClCompile>
    <ClCompile Include="dcuid.cxx">
      <Filter>Source Files</Filter>
    </ClCompile>
    <ClCompile Include="dcvm.cxx">
      <Filter>Source Files</Filter>
    </ClCompile>
    <ClCompile Include="dcvr.cxx">
      <Filter>Source Files</Filter>
    </ClCompile>
    <ClCompile Include="dcvrae.cxx">
      <Filter>Source Files</Filter>
    </ClCompile>
    <ClCompile Include="dcvras.cxx">
      <Filter>Source Files</Filter>
    </ClCompile>
    <ClCompile Include="dcvrat.cxx">
      <Filter>Source Files</Filter>
    </ClCompile>
    <ClCompile Include="dcvrcs.cxx">
      <Filter>Source Files</Filter>
    </ClCompile>
    <ClCompile Include="dcvrda.cxx">
      <Filter>Source Files</Filter>
    </ClCompile>
    <ClCompile Include="dcvrds.cxx">
      <Filter>Source Files</Filter>
    </ClCompile>
    <ClCompile Include="dcvrdt.cxx">
      <Filter>Source Files</Filter>
    </ClCompile>
    <ClCompile Include="dcvrfd.cxx">
      <Filter>Source Files</Filter>
    </ClCompile>
    <ClCompile Include="dcvrfl.cxx">
      <Filter>Source Files</Filter>
    </ClCompile>
    <ClCompile Include="dcvris.cxx">
      <Filter>Source Files</Filter>
    </ClCompile>
    <ClCompile Include="dcvrlo.cxx">
      <Filter>Source Files</Filter>
    </ClCompile>
    <ClCompile Include="dcvrlt.cxx">
      <Filter>Source Files</Filter>
    </ClCompile>
    <ClCompile Include="dcvrobow.cxx">
      <Filter>Source Files</Filter>
    </ClCompile>
    <ClCompile Include="dcvrof.cxx">
      <Filter>Source Files</Filter>
    </ClCompile>
    <ClCompile Include="dcvrpn.cxx">
      <Filter>Source Files</Filter>
    </ClCompile>
    <ClCompile Include="dcvrpobw.cxx">
      <Filter>Source Files</Filter>
    </ClCompile>
    <ClCompile Include="dcvrsh.cxx">
      <Filter>Source Files</Filter>
    </ClCompile>
    <ClCompile Include="dcvrsl.cxx">
      <Filter>Source Files</Filter>
    </ClCompile>
    <ClCompile Include="dcvrss.cxx">
      <Filter>Source Files</Filter>
    </ClCompile>
    <ClCompile Include="dcvrst.cxx">
      <Filter>Source Files</Filter>
    </ClCompile>
    <ClCompile Include="dcvrtm.cxx">
      <Filter>Source Files</Filter>
    </ClCompile>
    <ClCompile Include="dcvrui.cxx">
      <Filter>Source Files</Filter>
    </ClCompile>
    <ClCompile Include="dcvrul.cxx">
      <Filter>Source Files</Filter>
    </ClCompile>
    <ClCompile Include="dcvrulup.cxx">
      <Filter>Source Files</Filter>
    </ClCompile>
    <ClCompile Include="dcvrus.cxx">
      <Filter>Source Files</Filter>
    </ClCompile>
    <ClCompile Include="dcvrut.cxx">
      <Filter>Source Files</Filter>
    </ClCompile>
    <ClCompile Include="dcxfer.cxx">
      <Filter>Source Files</Filter>
    </ClCompile>
  </ItemGroup>
  <ItemGroup>
    <ClInclude Include="..\include\dcmtk\dcmdata\cmdlnarg.h">
      <Filter>Header Files</Filter>
    </ClInclude>
    <ClInclude Include="..\include\dcmtk\dcmdata\dcbytstr.h">
      <Filter>Header Files</Filter>
    </ClInclude>
    <ClInclude Include="..\include\dcmtk\dcmdata\dcchrstr.h">
      <Filter>Header Files</Filter>
    </ClInclude>
    <ClInclude Include="..\include\dcmtk\dcmdata\dccodec.h">
      <Filter>Header Files</Filter>
    </ClInclude>
    <ClInclude Include="..\include\dcmtk\dcmdata\dcdatset.h">
      <Filter>Header Files</Filter>
    </ClInclude>
    <ClInclude Include="..\include\dcmtk\dcmdata\dcddirif.h">
      <Filter>Header Files</Filter>
    </ClInclude>
    <ClInclude Include="..\include\dcmtk\dcmdata\dcdebug.h">
      <Filter>Header Files</Filter>
    </ClInclude>
    <ClInclude Include="..\include\dcmtk\dcmdata\dcdefine.h">
      <Filter>Header Files</Filter>
    </ClInclude>
    <ClInclude Include="..\include\dcmtk\dcmdata\dcdeftag.h">
      <Filter>Header Files</Filter>
    </ClInclude>
    <ClInclude Include="..\include\dcmtk\dcmdata\dcdicdir.h">
      <Filter>Header Files</Filter>
    </ClInclude>
    <ClInclude Include="..\include\dcmtk\dcmdata\dcdicent.h">
      <Filter>Header Files</Filter>
    </ClInclude>
    <ClInclude Include="..\include\dcmtk\dcmdata\dcdict.h">
      <Filter>Header Files</Filter>
    </ClInclude>
    <ClInclude Include="..\include\dcmtk\dcmdata\dcdirrec.h">
      <Filter>Header Files</Filter>
    </ClInclude>
    <ClInclude Include="..\include\dcmtk\dcmdata\dcelem.h">
      <Filter>Header Files</Filter>
    </ClInclude>
    <ClInclude Include="..\include\dcmtk\dcmdata\dcerror.h">
      <Filter>Header Files</Filter>
    </ClInclude>
    <ClInclude Include="..\include\dcmtk\dcmdata\dcfilefo.h">
      <Filter>Header Files</Filter>
    </ClInclude>
    <ClInclude Include="..\include\dcmtk\dcmdata\dchashdi.h">
      <Filter>Header Files</Filter>
    </ClInclude>
    <ClInclude Include="..\include\dcmtk\dcmdata\dcistrma.h">
      <Filter>Header Files</Filter>
    </ClInclude>
    <ClInclude Include="..\include\dcmtk\dcmdata\dcistrmb.h">
      <Filter>Header Files</Filter>
    </ClInclude>
    <ClInclude Include="..\include\dcmtk\dcmdata\dcistrmf.h">
      <Filter>Header Files</Filter>
    </ClInclude>
    <ClInclude Include="..\include\dcmtk\dcmdata\dcistrmz.h">
      <Filter>Header Files</Filter>
    </ClInclude>
    <ClInclude Include="..\include\dcmtk\dcmdata\dcitem.h">
      <Filter>Header Files</Filter>
    </ClInclude>
    <ClInclude Include="..\include\dcmtk\dcmdata\dclist.h">
      <Filter>Header Files</Filter>
    </ClInclude>
    <ClInclude Include="..\include\dcmtk\dcmdata\dcmetinf.h">
      <Filter>Header Files</Filter>
    </ClInclude>
    <ClInclude Include="..\include\dcmtk\dcmdata\dcobject.h">
      <Filter>Header Files</Filter>
    </ClInclude>
    <ClInclude Include="..\include\dcmtk\dcmdata\dcofsetl.h">
      <Filter>Header Files</Filter>
    </ClInclude>
    <ClInclude Include="..\include\dcmtk\dcmdata\dcostrma.h">
      <Filter>Header Files</Filter>
    </ClInclude>
    <ClInclude Include="..\include\dcmtk\dcmdata\dcostrmb.h">
      <Filter>Header Files</Filter>
    </ClInclude>
    <ClInclude Include="..\include\dcmtk\dcmdata\dcostrmf.h">
      <Filter>Header Files</Filter>
    </ClInclude>
    <ClInclude Include="..\include\dcmtk\dcmdata\dcostrmz.h">
      <Filter>Header Files</Filter>
    </ClInclude>
    <ClInclude Include="..\include\dcmtk\dcmdata\dcovlay.h">
      <Filter>Header Files</Filter>
    </ClInclude>
    <ClInclude Include="..\include\dcmtk\dcmdata\dcpcache.h">
      <Filter>Header Files</Filter>
    </ClInclude>
    <ClInclude Include="..\include\dcmtk\dcmdata\dcpixel.h">
      <Filter>Header Files</Filter>
    </ClInclude>
    <ClInclude Include="..\include\dcmtk\dcmdata\dcpixseq.h">
      <Filter>Header Files</Filter>
    </ClInclude>
    <ClInclude Include="..\include\dcmtk\dcmdata\dcpxitem.h">
      <Filter>Header Files</Filter>
    </ClInclude>
    <ClInclude Include="..\include\dcmtk\dcmdata\dcrleccd.h">
      <Filter>Header Files</Filter>
    </ClInclude>
    <ClInclude Include="..\include\dcmtk\dcmdata\dcrlecce.h">
      <Filter>Header Files</Filter>
    </ClInclude>
    <ClInclude Include="..\include\dcmtk\dcmdata\dcrlecp.h">
      <Filter>Header Files</Filter>
    </ClInclude>
    <ClInclude Include="..\include\dcmtk\dcmdata\dcrledec.h">
      <Filter>Header Files</Filter>
    </ClInclude>
    <ClInclude Include="..\include\dcmtk\dcmdata\dcrledrg.h">
      <Filter>Header Files</Filter>
    </ClInclude>
    <ClInclude Include="..\include\dcmtk\dcmdata\dcrleenc.h">
      <Filter>Header Files</Filter>
    </ClInclude>
    <ClInclude Include="..\include\dcmtk\dcmdata\dcrleerg.h">
      <Filter>Header Files</Filter>
    </ClInclude>
    <ClInclude Include="..\include\dcmtk\dcmdata\dcrlerp.h">
      <Filter>Header Files</Filter>
    </ClInclude>
    <ClInclude Include="..\include\dcmtk\dcmdata\dcsequen.h">
      <Filter>Header Files</Filter>
    </ClInclude>
    <ClInclude Include="..\include\dcmtk\dcmdata\dcstack.h">
      <Filter>Header Files</Filter>
    </ClInclude>
    <ClInclude Include="..\include\dcmtk\dcmdata\dcswap.h">
      <Filter>Header Files</Filter>
    </ClInclude>
    <ClInclude Include="..\include\dcmtk\dcmdata\dctag.h">
      <Filter>Header Files</Filter>
    </ClInclude>
    <ClInclude Include="..\include\dcmtk\dcmdata\dctagkey.h">
      <Filter>Header Files</Filter>
    </ClInclude>
    <ClInclude Include="..\include\dcmtk\dcmdata\dctk.h">
      <Filter>Header Files</Filter>
    </ClInclude>
    <ClInclude Include="..\include\dcmtk\dcmdata\dctypes.h">
      <Filter>Header Files</Filter>
    </ClInclude>
    <ClInclude Include="..\include\dcmtk\dcmdata\dcuid.h">
      <Filter>Header Files</Filter>
    </ClInclude>
    <ClInclude Include="..\include\dcmtk\dcmdata\dcvm.h">
      <Filter>Header Files</Filter>
    </ClInclude>
    <ClInclude Include="..\include\dcmtk\dcmdata\dcvr.h">
      <Filter>Header Files</Filter>
    </ClInclude>
    <ClInclude Include="..\include\dcmtk\dcmdata\dcvrae.h">
      <Filter>Header Files</Filter>
    </ClInclude>
    <ClInclude Include="..\include\dcmtk\dcmdata\dcvras.h">
      <Filter>Header Files</Filter>
    </ClInclude>
    <ClInclude Include="..\include\dcmtk\dcmdata\dcvrat.h">
      <Filter>Header Files</Filter>
    </ClInclude>
    <ClInclude Include="..\include\dcmtk\dcmdata\dcvrcs.h">
      <Filter>Header Files</Filter>
    </ClInclude>
    <ClInclude Include="..\include\dcmtk\dcmdata\dcvrda.h">
      <Filter>Header Files</Filter>
    </ClInclude>
    <ClInclude Include="..\include\dcmtk\dcmdata\dcvrds.h">
      <Filter>Header Files</Filter>
    </ClInclude>
    <ClInclude Include="..\include\dcmtk\dcmdata\dcvrdt.h">
      <Filter>Header Files</Filter>
    </ClInclude>
    <ClInclude Include="..\include\dcmtk\dcmdata\dcvrfd.h">
      <Filter>Header Files</Filter>
    </ClInclude>
    <ClInclude Include="..\include\dcmtk\dcmdata\dcvrfl.h">
      <Filter>Header Files</Filter>
    </ClInclude>
    <ClInclude Include="..\include\dcmtk\dcmdata\dcvris.h">
      <Filter>Header Files</Filter>
    </ClInclude>
    <ClInclude Include="..\include\dcmtk\dcmdata\dcvrlo.h">
      <Filter>Header Files</Filter>
    </ClInclude>
    <ClInclude Include="..\include\dcmtk\dcmdata\dcvrlt.h">
      <Filter>Header Files</Filter>
    </ClInclude>
    <ClInclude Include="..\include\dcmtk\dcmdata\dcvrobow.h">
      <Filter>Header Files</Filter>
    </ClInclude>
    <ClInclude Include="..\include\dcmtk\dcmdata\dcvrof.h">
      <Filter>Header Files</Filter>
    </ClInclude>
    <ClInclude Include="..\include\dcmtk\dcmdata\dcvrpn.h">
      <Filter>Header Files</Filter>
    </ClInclude>
    <ClInclude Include="..\include\dcmtk\dcmdata\dcvrpobw.h">
      <Filter>Header Files</Filter>
    </ClInclude>
    <ClInclude Include="..\include\dcmtk\dcmdata\dcvrsh.h">
      <Filter>Header Files</Filter>
    </ClInclude>
    <ClInclude Include="..\include\dcmtk\dcmdata\dcvrsl.h">
      <Filter>Header Files</Filter>
    </ClInclude>
    <ClInclude Include="..\include\dcmtk\dcmdata\dcvrss.h">
      <Filter>Header Files</Filter>
    </ClInclude>
    <ClInclude Include="..\include\dcmtk\dcmdata\dcvrst.h">
      <Filter>Header Files</Filter>
    </ClInclude>
    <ClInclude Include="..\include\dcmtk\dcmdata\dcvrtm.h">
      <Filter>Header Files</Filter>
    </ClInclude>
    <ClInclude Include="..\include\dcmtk\dcmdata\dcvrui.h">
      <Filter>Header Files</Filter>
    </ClInclude>
    <ClInclude Include="..\include\dcmtk\dcmdata\dcvrul.h">
      <Filter>Header Files</Filter>
    </ClInclude>
    <ClInclude Include="..\include\dcmtk\dcmdata\dcvrulup.h">
      <Filter>Header Files</Filter>
    </ClInclude>
    <ClInclude Include="..\include\dcmtk\dcmdata\dcvrus.h">
      <Filter>Header Files</Filter>
    </ClInclude>
    <ClInclude Include="..\include\dcmtk\dcmdata\dcvrut.h">
      <Filter>Header Files</Filter>
    </ClInclude>
    <ClInclude Include="..\include\dcmtk\dcmdata\dcxfer.h">
      <Filter>Header Files</Filter>
    </ClInclude>
    <ClInclude Include="..\apps\mdfconen.h">
      <Filter>Header Files</Filter>
    </ClInclude>
    <ClInclude Include="..\apps\mdfdsman.h">
      <Filter>Header Files</Filter>
    </ClInclude>
  </ItemGroup>
</Project>