<?xml version="1.0" encoding="utf-8"?>
<Project ToolsVersion="4.0" xmlns="http://schemas.microsoft.com/developer/msbuild/2003">
  <ItemGroup>
    <Filter Include="CMake Rules">
      <UniqueIdentifier>{ea75aadc-14ca-4097-8bbb-80758fb971ca}</UniqueIdentifier>
    </Filter>
  </ItemGroup>
  <ItemGroup>
    <None Include="CMakeFiles\DOXYGEN" />
  </ItemGroup>
  <ItemGroup>
    <CustomBuild Include="CMakeFiles\DOXYGEN.rule">
      <Filter>CMake Rules</Filter>
    </CustomBuild>
  </ItemGroup>
</Project>