<?xml version="1.0" encoding="utf-8"?>
<Project ToolsVersion="4.0" xmlns="http://schemas.microsoft.com/developer/msbuild/2003">
  <ItemGroup>
    <Filter Include="Source Files">
      <UniqueIdentifier>{d996fc67-74d2-424d-a46e-91055d99a3a1}</UniqueIdentifier>
    </Filter>
  </ItemGroup>
  <ItemGroup>
    <ClCompile Include="dcsignat.cxx">
      <Filter>Source Files</Filter>
    </ClCompile>
    <ClCompile Include="siautopr.cxx">
      <Filter>Source Files</Filter>
    </ClCompile>
    <ClCompile Include="sibrsapr.cxx">
      <Filter>Source Files</Filter>
    </ClCompile>
    <ClCompile Include="sicert.cxx">
      <Filter>Source Files</Filter>
    </ClCompile>
    <ClCompile Include="sicertvf.cxx">
      <Filter>Source Files</Filter>
    </ClCompile>
    <ClCompile Include="sicreapr.cxx">
      <Filter>Source Files</Filter>
    </ClCompile>
    <ClCompile Include="sidsa.cxx">
      <Filter>Source Files</Filter>
    </ClCompile>
    <ClCompile Include="simaccon.cxx">
      <Filter>Source Files</Filter>
    </ClCompile>
    <ClCompile Include="simd5.cxx">
      <Filter>Source Files</Filter>
    </ClCompile>
    <ClCompile Include="sinullpr.cxx">
      <Filter>Source Files</Filter>
    </ClCompile>
    <ClCompile Include="siprivat.cxx">
      <Filter>Source Files</Filter>
    </ClCompile>
    <ClCompile Include="siripemd.cxx">
      <Filter>Source Files</Filter>
    </ClCompile>
    <ClCompile Include="sirsa.cxx">
      <Filter>Source Files</Filter>
    </ClCompile>
    <ClCompile Include="sisha1.cxx">
      <Filter>Source Files</Filter>
    </ClCompile>
    <ClCompile Include="sisprof.cxx">
      <Filter>Source Files</Filter>
    </ClCompile>
    <ClCompile Include="sitypes.cxx">
      <Filter>Source Files</Filter>
    </ClCompile>
  </ItemGroup>
</Project>